# THIS IS AN AUTOGENERATED FILE. DO NOT EDIT THIS FILE DIRECTLY.
# yarn lockfile v1


"@aspnet/signalr-protocol-msgpack@^1.0.2":
  version "1.0.4"
  resolved "https://registry.yarnpkg.com/@aspnet/signalr-protocol-msgpack/-/signalr-protocol-msgpack-1.0.4.tgz#9f5f59665041fdd4f490a96057f59e68bf4d5e47"
  dependencies:
    msgpack5 "^4.0.2"

"@aspnet/signalr@^1.0.2":
  version "1.0.4"
  resolved "https://registry.yarnpkg.com/@aspnet/signalr/-/signalr-1.0.4.tgz#ab685e59152539e4a49c5c71bb767ce25e7d4900"

"@types/google.visualization@0.0.41":
  version "0.0.41"
  resolved "https://registry.yarnpkg.com/@types/google.visualization/-/google.visualization-0.0.41.tgz#cd4858a66fd039e31586ef3989c59ab0e42d0392"

bl@^2.0.1:
  version "2.1.2"
  resolved "https://registry.yarnpkg.com/bl/-/bl-2.1.2.tgz#591182cb9f3f2eff3beb1e76dabedfb5c5fa9a26"
  dependencies:
    readable-stream "^2.3.5"
    safe-buffer "^5.1.1"

core-util-is@~1.0.0:
  version "1.0.2"
  resolved "https://registry.yarnpkg.com/core-util-is/-/core-util-is-1.0.2.tgz#b5fd54220aa2bc5ab57aab7140c940754503c1a7"

inherits@^2.0.3, inherits@~2.0.3:
  version "2.0.3"
  resolved "https://registry.yarnpkg.com/inherits/-/inherits-2.0.3.tgz#633c2c83e3da42a502f52466022480f4208261de"

isarray@~1.0.0:
  version "1.0.0"
  resolved "https://registry.yarnpkg.com/isarray/-/isarray-1.0.0.tgz#bb935d48582cba168c06834957a54a3e07124f11"

msgpack5@^4.0.2, msgpack5@^4.2.0:
  version "4.2.1"
  resolved "https://registry.yarnpkg.com/msgpack5/-/msgpack5-4.2.1.tgz#007233691af34c4168cea9477cb3236aae854f03"
  dependencies:
    bl "^2.0.1"
    inherits "^2.0.3"
    readable-stream "^2.3.6"
    safe-buffer "^5.1.2"

process-nextick-args@~2.0.0:
  version "2.0.0"
  resolved "https://registry.yarnpkg.com/process-nextick-args/-/process-nextick-args-2.0.0.tgz#a37d732f4271b4ab1ad070d35508e8290788ffaa"

readable-stream@^2.3.5, readable-stream@^2.3.6:
  version "2.3.6"
  resolved "http://registry.npmjs.org/readable-stream/-/readable-stream-2.3.6.tgz#b11c27d88b8ff1fbe070643cf94b0c79ae1b0aaf"
  dependencies:
    core-util-is "~1.0.0"
    inherits "~2.0.3"
    isarray "~1.0.0"
    process-nextick-args "~2.0.0"
    safe-buffer "~5.1.1"
    string_decoder "~1.1.1"
    util-deprecate "~1.0.1"

safe-buffer@^5.1.1, safe-buffer@^5.1.2, safe-buffer@~5.1.0, safe-buffer@~5.1.1:
  version "5.1.2"
  resolved "https://registry.yarnpkg.com/safe-buffer/-/safe-buffer-5.1.2.tgz#991ec69d296e0313747d59bdfd2b745c35f8828d"

string_decoder@~1.1.1:
  version "1.1.1"
  resolved "https://registry.yarnpkg.com/string_decoder/-/string_decoder-1.1.1.tgz#9cf1611ba62685d7030ae9e4ba34149c3af03fc8"
  dependencies:
    safe-buffer "~5.1.0"

util-deprecate@~1.0.1:
  version "1.0.2"
  resolved "https://registry.yarnpkg.com/util-deprecate/-/util-deprecate-1.0.2.tgz#450d4dc9fa70de732762fbd2d4a28981419a0ccf"
