
Microsoft Visual Studio Solution File, Format Version 12.00
# Visual Studio Version 16
VisualStudioVersion = 16.0.28407.52
MinimumVisualStudioVersion = 10.0.40219.1
Project("{9A19103F-16F7-4668-BE54-9A1E7A4F7556}") = "LogicLibrary", "LogicLibrary\LogicLibrary.csproj", "{EF0EC221-4CC9-47AB-8022-0D89F9F76777}"
EndProject
Project("{9A19103F-16F7-4668-BE54-9A1E7A4F7556}") = "ExchangeLemonCore", "ExchangeLemonCore\ExchangeLemonCore.csproj", "{33F5053A-DD98-4287-97C2-1B8DA1DA1113}"
EndProject
Project("{9A19103F-16F7-4668-BE54-9A1E7A4F7556}") = "BackEndClassLibraryCore", "BackEndClassLibraryCore\BackEndClassLibraryCore.csproj", "{DBFB5A5C-D983-4651-A26C-645C61CF1D6B}"
EndProject
Project("{9A19103F-16F7-4668-BE54-9A1E7A4F7556}") = "FrozenYoghurt", "FrozenYoghurt\FrozenYoghurt.csproj", "{9C7F2AF9-7A5A-4E3A-8554-609258710959}"
EndProject
Project("{9A19103F-16F7-4668-BE54-9A1E7A4F7556}") = "RepositoryLibrary", "RepositoryLibrary\RepositoryLibrary.csproj", "{21150CF0-96D1-45EB-B6B0-71A4BFEB9412}"
EndProject
Project("{9A19103F-16F7-4668-BE54-9A1E7A4F7556}") = "FunctionAppBitcoin", "FunctionAppBitcoin\FunctionAppBitcoin.csproj", "{93E360D2-60C4-486E-819D-1A346B2BB66D}"
EndProject
Project("{9A19103F-16F7-4668-BE54-9A1E7A4F7556}") = "ConsoleDev", "ConsoleDev\ConsoleDev.csproj", "{47CA89BA-89EF-4472-B255-CD2C63319A9E}"
EndProject
Project("{9A19103F-16F7-4668-BE54-9A1E7A4F7556}") = "UnitTest", "UnitTest\UnitTest.csproj", "{C9A2B5EB-C539-4C94-AF0D-DCD6DEA157EF}"
EndProject
Project("{9A19103F-16F7-4668-BE54-9A1E7A4F7556}") = "UnitTestEventLogic", "UnitTestEventLogic\UnitTestEventLogic.csproj", "{1612DAD9-8B30-4151-BCF3-03127783791E}"
EndProject
Project("{9A19103F-16F7-4668-BE54-9A1E7A4F7556}") = "UnitTestFrozenYoghurt", "UnitTestFrozenYoghurt\UnitTestFrozenYoghurt.csproj", "{A0A97AC9-DD4D-4EFD-A813-0C04E84BABBB}"
EndProject
Project("{9A19103F-16F7-4668-BE54-9A1E7A4F7556}") = "UnitTestSyncBot", "UnitTestSyncBot\UnitTestSyncBot.csproj", "{B44B4BAC-ACB0-43F2-B0D0-E6AB06A51A2D}"
EndProject
Project("{9A19103F-16F7-4668-BE54-9A1E7A4F7556}") = "UnitTestWebVisit", "UnitTestWebVisit\UnitTestWebVisit.csproj", "{86A023D9-F0EF-4B33-A1BF-B06AC3CF2502}"
EndProject
Project("{9A19103F-16F7-4668-BE54-9A1E7A4F7556}") = "ConsoleUnitTestDebug", "ConsoleUnitTestDebug\ConsoleUnitTestDebug.csproj", "{9F6942D6-240C-4C82-9926-FE7EA4A69BC4}"
EndProject
Project("{9A19103F-16F7-4668-BE54-9A1E7A4F7556}") = "Info.Blockchain.API", "Info.Blockchain.API\Info.Blockchain.API.csproj", "{27799267-2C3B-4C32-9511-1EDEEC495688}"
EndProject
Project("{9A19103F-16F7-4668-BE54-9A1E7A4F7556}") = "BitcoinLib", "BitcoinLib\BitcoinLib.csproj", "{E644BE94-263B-4F65-A8E9-FB0C2CE8199D}"
EndProject
Project("{9A19103F-16F7-4668-BE54-9A1E7A4F7556}") = "BotWalletModel", "BotWalletModel\BotWalletModel.csproj", "{164C3441-76E3-4920-AFF6-ADEC0E26DCDB}"
EndProject
Project("{9A19103F-16F7-4668-BE54-9A1E7A4F7556}") = "PulseLogic", "PulseLogic\PulseLogic.csproj", "{68511CA9-E527-43D2-AF57-2838CF389040}"
EndProject
Project("{9A19103F-16F7-4668-BE54-9A1E7A4F7556}") = "FunctionAppWatcherTwo", "FunctionApp1\FunctionAppWatcherTwo.csproj", "{B0B4C4B3-0C91-4A97-A14C-41AED07B9726}"
EndProject
Project("{9A19103F-16F7-4668-BE54-9A1E7A4F7556}") = "OrderTransactionLib", "OrderTransactionLib\OrderTransactionLib.csproj", "{41ADBD6E-6E36-4D02-982B-3EB52C331313}"
EndProject
Project("{9A19103F-16F7-4668-BE54-9A1E7A4F7556}") = "CommonInterface", "CommonInterface\CommonInterface.csproj", "{4AC4987E-D629-4FAF-B954-701F86FA74B9}"
EndProject
Project("{9A19103F-16F7-4668-BE54-9A1E7A4F7556}") = "BitcoinAdaptor", "BitcoinAdaptor\BitcoinAdaptor.csproj", "{EC7A703B-7C32-4BAC-8016-83D89A7DF5E1}"
EndProject
Project("{9A19103F-16F7-4668-BE54-9A1E7A4F7556}") = "BtcInternalService", "BtcInternalService\BtcInternalService.csproj", "{CE9452FA-D90F-48B5-B77E-8541D73FEABA}"
EndProject
Project("{9A19103F-16F7-4668-BE54-9A1E7A4F7556}") = "DomainLibrary", "DomainLibrary\DomainLibrary.csproj", "{5A20C468-FFF8-4108-9D71-44767C9F72F0}"
EndProject
Project("{2150E333-8FDC-42A3-9474-1A3956D46DE8}") = "Common", "Common", "{0A5A42B1-8546-48C5-BE3D-005AC07BD104}"
EndProject
Project("{2150E333-8FDC-42A3-9474-1A3956D46DE8}") = "Core", "Core", "{789EFB6B-297B-4642-A1BC-CA065E56898A}"
EndProject
Project("{2150E333-8FDC-42A3-9474-1A3956D46DE8}") = "Infrastucture", "Infrastucture", "{514B57BD-2559-4C9F-9184-07E0F620B614}"
EndProject
Project("{2150E333-8FDC-42A3-9474-1A3956D46DE8}") = "Library", "Library", "{52E31346-6CF7-4C3C-90F3-E259CF5AC6F7}"
EndProject
Project("{2150E333-8FDC-42A3-9474-1A3956D46DE8}") = "Module", "Module", "{4F3A4B41-FF98-4133-B1B9-9A5C397F1C1A}"
EndProject
Project("{2150E333-8FDC-42A3-9474-1A3956D46DE8}") = "Serverless", "Serverless", "{F9C9FE92-55CC-4FB8-BBDD-328E7DE82AC6}"
EndProject
Project("{2150E333-8FDC-42A3-9474-1A3956D46DE8}") = "Dev", "Dev", "{35B898DD-6E07-4860-961A-62BDBEFBFF40}"
EndProject
Project("{2150E333-8FDC-42A3-9474-1A3956D46DE8}") = "Testing", "Testing", "{BB752C9E-1E00-4666-90E4-890649DAFF00}"
EndProject
Project("{2150E333-8FDC-42A3-9474-1A3956D46DE8}") = "ServerBot", "ServerBot", "{B89C4F82-4EE4-46B3-8ADC-575148480053}"
EndProject
Project("{2150E333-8FDC-42A3-9474-1A3956D46DE8}") = "Presentation", "Presentation", "{BC26C25D-5476-4724-A523-995FEF7BE624}"
EndProject
Project("{2150E333-8FDC-42A3-9474-1A3956D46DE8}") = "Main", "Main", "{8F73A0DF-D87C-4390-9FED-EC5A49AA1AB7}"
EndProject
Project("{2150E333-8FDC-42A3-9474-1A3956D46DE8}") = "Artifacts", "Artifacts", "{87546E0C-DA36-43C9-A64D-5E950980CDCF}"
EndProject
Project("{9A19103F-16F7-4668-BE54-9A1E7A4F7556}") = "TestingLibrary", "TestingLibrary\TestingLibrary.csproj", "{6C55AC65-75D6-4850-971A-2CDF7626DD80}"
EndProject
Project("{9A19103F-16F7-4668-BE54-9A1E7A4F7556}") = "BotWalletWatcherVerTwoReceive", "BotWalletWatcherVerTwoReceive\BotWalletWatcherVerTwoReceive.csproj", "{2EEFBB1E-F19D-4135-B6F5-BD1ACECF1C7B}"
EndProject
Project("{9A19103F-16F7-4668-BE54-9A1E7A4F7556}") = "BotWalletWatcherVerTwoSend", "BotWalletWatcherVerTwoSend\BotWalletWatcherVerTwoSend.csproj", "{E4815159-1FB7-40A3-8DC0-7BC6FAA8396D}"
EndProject
Project("{9A19103F-16F7-4668-BE54-9A1E7A4F7556}") = "LogModule", "LogModule\LogModule.csproj", "{3573D42F-DFA0-48FE-ACBD-305B9922B24C}"
EndProject
Project("{9A19103F-16F7-4668-BE54-9A1E7A4F7556}") = "ConsoleSendBtc", "ConsoleSendBtc\ConsoleSendBtc.csproj", "{F4C62E20-024A-402C-A771-81FEEC710ADA}"
EndProject
Project("{9A19103F-16F7-4668-BE54-9A1E7A4F7556}") = "FileLibrary", "FileLibrary\FileLibrary.csproj", "{87E8A519-F5A0-4C76-B839-31B6C8BF26CB}"
EndProject
Project("{9A19103F-16F7-4668-BE54-9A1E7A4F7556}") = "ConsolePulseListenerLog", "ConsolePulseListenerLog\ConsolePulseListenerLog.csproj", "{432D0B2F-C474-42F6-8280-221CE8B020E0}"
EndProject
Global
	GlobalSection(SolutionConfigurationPlatforms) = preSolution
		Debug|Any CPU = Debug|Any CPU
		Debug|x86 = Debug|x86
		DebugIncludeUnitTest|Any CPU = DebugIncludeUnitTest|Any CPU
		DebugIncludeUnitTest|x86 = DebugIncludeUnitTest|x86
		DebugTwo|Any CPU = DebugTwo|Any CPU
		DebugTwo|x86 = DebugTwo|x86
		FullDebug|Any CPU = FullDebug|Any CPU
		FullDebug|x86 = FullDebug|x86
		Release|Any CPU = Release|Any CPU
		Release|x86 = Release|x86
	EndGlobalSection
	GlobalSection(ProjectConfigurationPlatforms) = postSolution
		{EF0EC221-4CC9-47AB-8022-0D89F9F76777}.Debug|Any CPU.ActiveCfg = Debug|Any CPU
		{EF0EC221-4CC9-47AB-8022-0D89F9F76777}.Debug|x86.ActiveCfg = Debug|x86
		{EF0EC221-4CC9-47AB-8022-0D89F9F76777}.Debug|x86.Build.0 = Debug|x86
		{EF0EC221-4CC9-47AB-8022-0D89F9F76777}.DebugIncludeUnitTest|Any CPU.ActiveCfg = Debug|Any CPU
		{EF0EC221-4CC9-47AB-8022-0D89F9F76777}.DebugIncludeUnitTest|Any CPU.Build.0 = Debug|Any CPU
		{EF0EC221-4CC9-47AB-8022-0D89F9F76777}.DebugIncludeUnitTest|x86.ActiveCfg = Debug|x86
		{EF0EC221-4CC9-47AB-8022-0D89F9F76777}.DebugIncludeUnitTest|x86.Build.0 = Debug|x86
		{EF0EC221-4CC9-47AB-8022-0D89F9F76777}.DebugTwo|Any CPU.ActiveCfg = Debug|Any CPU
		{EF0EC221-4CC9-47AB-8022-0D89F9F76777}.DebugTwo|Any CPU.Build.0 = Debug|Any CPU
		{EF0EC221-4CC9-47AB-8022-0D89F9F76777}.DebugTwo|x86.ActiveCfg = Debug|x86
		{EF0EC221-4CC9-47AB-8022-0D89F9F76777}.DebugTwo|x86.Build.0 = Debug|x86
		{EF0EC221-4CC9-47AB-8022-0D89F9F76777}.FullDebug|Any CPU.ActiveCfg = Debug|Any CPU
		{EF0EC221-4CC9-47AB-8022-0D89F9F76777}.FullDebug|Any CPU.Build.0 = Debug|Any CPU
		{EF0EC221-4CC9-47AB-8022-0D89F9F76777}.FullDebug|x86.ActiveCfg = Debug|x86
		{EF0EC221-4CC9-47AB-8022-0D89F9F76777}.FullDebug|x86.Build.0 = Debug|x86
		{EF0EC221-4CC9-47AB-8022-0D89F9F76777}.Release|Any CPU.ActiveCfg = Release|Any CPU
		{EF0EC221-4CC9-47AB-8022-0D89F9F76777}.Release|Any CPU.Build.0 = Release|Any CPU
		{EF0EC221-4CC9-47AB-8022-0D89F9F76777}.Release|x86.ActiveCfg = Release|x86
		{EF0EC221-4CC9-47AB-8022-0D89F9F76777}.Release|x86.Build.0 = Release|x86
		{33F5053A-DD98-4287-97C2-1B8DA1DA1113}.Debug|Any CPU.ActiveCfg = Debug|Any CPU
		{33F5053A-DD98-4287-97C2-1B8DA1DA1113}.Debug|Any CPU.Build.0 = Debug|Any CPU
		{33F5053A-DD98-4287-97C2-1B8DA1DA1113}.Debug|x86.ActiveCfg = Debug|Any CPU
		{33F5053A-DD98-4287-97C2-1B8DA1DA1113}.Debug|x86.Build.0 = Debug|Any CPU
		{33F5053A-DD98-4287-97C2-1B8DA1DA1113}.DebugIncludeUnitTest|Any CPU.ActiveCfg = Debug|Any CPU
		{33F5053A-DD98-4287-97C2-1B8DA1DA1113}.DebugIncludeUnitTest|Any CPU.Build.0 = Debug|Any CPU
		{33F5053A-DD98-4287-97C2-1B8DA1DA1113}.DebugIncludeUnitTest|x86.ActiveCfg = Debug|Any CPU
		{33F5053A-DD98-4287-97C2-1B8DA1DA1113}.DebugIncludeUnitTest|x86.Build.0 = Debug|Any CPU
		{33F5053A-DD98-4287-97C2-1B8DA1DA1113}.DebugTwo|Any CPU.ActiveCfg = Debug|Any CPU
		{33F5053A-DD98-4287-97C2-1B8DA1DA1113}.DebugTwo|Any CPU.Build.0 = Debug|Any CPU
		{33F5053A-DD98-4287-97C2-1B8DA1DA1113}.DebugTwo|x86.ActiveCfg = Debug|Any CPU
		{33F5053A-DD98-4287-97C2-1B8DA1DA1113}.DebugTwo|x86.Build.0 = Debug|Any CPU
		{33F5053A-DD98-4287-97C2-1B8DA1DA1113}.FullDebug|Any CPU.ActiveCfg = Debug|Any CPU
		{33F5053A-DD98-4287-97C2-1B8DA1DA1113}.FullDebug|Any CPU.Build.0 = Debug|Any CPU
		{33F5053A-DD98-4287-97C2-1B8DA1DA1113}.FullDebug|x86.ActiveCfg = Debug|Any CPU
		{33F5053A-DD98-4287-97C2-1B8DA1DA1113}.FullDebug|x86.Build.0 = Debug|Any CPU
		{33F5053A-DD98-4287-97C2-1B8DA1DA1113}.Release|Any CPU.ActiveCfg = Release|Any CPU
		{33F5053A-DD98-4287-97C2-1B8DA1DA1113}.Release|Any CPU.Build.0 = Release|Any CPU
		{33F5053A-DD98-4287-97C2-1B8DA1DA1113}.Release|x86.ActiveCfg = Release|Any CPU
		{33F5053A-DD98-4287-97C2-1B8DA1DA1113}.Release|x86.Build.0 = Release|Any CPU
		{DBFB5A5C-D983-4651-A26C-645C61CF1D6B}.Debug|Any CPU.ActiveCfg = Debug|Any CPU
		{DBFB5A5C-D983-4651-A26C-645C61CF1D6B}.Debug|Any CPU.Build.0 = Debug|Any CPU
		{DBFB5A5C-D983-4651-A26C-645C61CF1D6B}.Debug|x86.ActiveCfg = Debug|Any CPU
		{DBFB5A5C-D983-4651-A26C-645C61CF1D6B}.Debug|x86.Build.0 = Debug|Any CPU
		{DBFB5A5C-D983-4651-A26C-645C61CF1D6B}.DebugIncludeUnitTest|Any CPU.ActiveCfg = Debug|Any CPU
		{DBFB5A5C-D983-4651-A26C-645C61CF1D6B}.DebugIncludeUnitTest|Any CPU.Build.0 = Debug|Any CPU
		{DBFB5A5C-D983-4651-A26C-645C61CF1D6B}.DebugIncludeUnitTest|x86.ActiveCfg = Debug|Any CPU
		{DBFB5A5C-D983-4651-A26C-645C61CF1D6B}.DebugIncludeUnitTest|x86.Build.0 = Debug|Any CPU
		{DBFB5A5C-D983-4651-A26C-645C61CF1D6B}.DebugTwo|Any CPU.ActiveCfg = Debug|Any CPU
		{DBFB5A5C-D983-4651-A26C-645C61CF1D6B}.DebugTwo|Any CPU.Build.0 = Debug|Any CPU
		{DBFB5A5C-D983-4651-A26C-645C61CF1D6B}.DebugTwo|x86.ActiveCfg = Debug|Any CPU
		{DBFB5A5C-D983-4651-A26C-645C61CF1D6B}.DebugTwo|x86.Build.0 = Debug|Any CPU
		{DBFB5A5C-D983-4651-A26C-645C61CF1D6B}.FullDebug|Any CPU.ActiveCfg = Debug|Any CPU
		{DBFB5A5C-D983-4651-A26C-645C61CF1D6B}.FullDebug|Any CPU.Build.0 = Debug|Any CPU
		{DBFB5A5C-D983-4651-A26C-645C61CF1D6B}.FullDebug|x86.ActiveCfg = Debug|Any CPU
		{DBFB5A5C-D983-4651-A26C-645C61CF1D6B}.FullDebug|x86.Build.0 = Debug|Any CPU
		{DBFB5A5C-D983-4651-A26C-645C61CF1D6B}.Release|Any CPU.ActiveCfg = Release|Any CPU
		{DBFB5A5C-D983-4651-A26C-645C61CF1D6B}.Release|Any CPU.Build.0 = Release|Any CPU
		{DBFB5A5C-D983-4651-A26C-645C61CF1D6B}.Release|x86.ActiveCfg = Release|Any CPU
		{DBFB5A5C-D983-4651-A26C-645C61CF1D6B}.Release|x86.Build.0 = Release|Any CPU
		{9C7F2AF9-7A5A-4E3A-8554-609258710959}.Debug|Any CPU.ActiveCfg = Debug|Any CPU
		{9C7F2AF9-7A5A-4E3A-8554-609258710959}.Debug|x86.ActiveCfg = Debug|Any CPU
		{9C7F2AF9-7A5A-4E3A-8554-609258710959}.Debug|x86.Build.0 = Debug|Any CPU
		{9C7F2AF9-7A5A-4E3A-8554-609258710959}.DebugIncludeUnitTest|Any CPU.ActiveCfg = Debug|Any CPU
		{9C7F2AF9-7A5A-4E3A-8554-609258710959}.DebugIncludeUnitTest|x86.ActiveCfg = Debug|Any CPU
		{9C7F2AF9-7A5A-4E3A-8554-609258710959}.DebugIncludeUnitTest|x86.Build.0 = Debug|Any CPU
		{9C7F2AF9-7A5A-4E3A-8554-609258710959}.DebugTwo|Any CPU.ActiveCfg = Debug|Any CPU
		{9C7F2AF9-7A5A-4E3A-8554-609258710959}.DebugTwo|x86.ActiveCfg = Debug|Any CPU
		{9C7F2AF9-7A5A-4E3A-8554-609258710959}.DebugTwo|x86.Build.0 = Debug|Any CPU
		{9C7F2AF9-7A5A-4E3A-8554-609258710959}.FullDebug|Any CPU.ActiveCfg = Debug|Any CPU
		{9C7F2AF9-7A5A-4E3A-8554-609258710959}.FullDebug|Any CPU.Build.0 = Debug|Any CPU
		{9C7F2AF9-7A5A-4E3A-8554-609258710959}.FullDebug|x86.ActiveCfg = Debug|Any CPU
		{9C7F2AF9-7A5A-4E3A-8554-609258710959}.FullDebug|x86.Build.0 = Debug|Any CPU
		{9C7F2AF9-7A5A-4E3A-8554-609258710959}.Release|Any CPU.ActiveCfg = Release|Any CPU
		{9C7F2AF9-7A5A-4E3A-8554-609258710959}.Release|Any CPU.Build.0 = Release|Any CPU
		{9C7F2AF9-7A5A-4E3A-8554-609258710959}.Release|x86.ActiveCfg = Release|Any CPU
		{9C7F2AF9-7A5A-4E3A-8554-609258710959}.Release|x86.Build.0 = Release|Any CPU
		{21150CF0-96D1-45EB-B6B0-71A4BFEB9412}.Debug|Any CPU.ActiveCfg = Debug|Any CPU
		{21150CF0-96D1-45EB-B6B0-71A4BFEB9412}.Debug|x86.ActiveCfg = Debug|Any CPU
		{21150CF0-96D1-45EB-B6B0-71A4BFEB9412}.Debug|x86.Build.0 = Debug|Any CPU
		{21150CF0-96D1-45EB-B6B0-71A4BFEB9412}.DebugIncludeUnitTest|Any CPU.ActiveCfg = Debug|Any CPU
		{21150CF0-96D1-45EB-B6B0-71A4BFEB9412}.DebugIncludeUnitTest|x86.ActiveCfg = Debug|Any CPU
		{21150CF0-96D1-45EB-B6B0-71A4BFEB9412}.DebugIncludeUnitTest|x86.Build.0 = Debug|Any CPU
		{21150CF0-96D1-45EB-B6B0-71A4BFEB9412}.DebugTwo|Any CPU.ActiveCfg = Debug|Any CPU
		{21150CF0-96D1-45EB-B6B0-71A4BFEB9412}.DebugTwo|Any CPU.Build.0 = Debug|Any CPU
		{21150CF0-96D1-45EB-B6B0-71A4BFEB9412}.DebugTwo|x86.ActiveCfg = Debug|Any CPU
		{21150CF0-96D1-45EB-B6B0-71A4BFEB9412}.DebugTwo|x86.Build.0 = Debug|Any CPU
		{21150CF0-96D1-45EB-B6B0-71A4BFEB9412}.FullDebug|Any CPU.ActiveCfg = Debug|Any CPU
		{21150CF0-96D1-45EB-B6B0-71A4BFEB9412}.FullDebug|Any CPU.Build.0 = Debug|Any CPU
		{21150CF0-96D1-45EB-B6B0-71A4BFEB9412}.FullDebug|x86.ActiveCfg = Debug|Any CPU
		{21150CF0-96D1-45EB-B6B0-71A4BFEB9412}.FullDebug|x86.Build.0 = Debug|Any CPU
		{21150CF0-96D1-45EB-B6B0-71A4BFEB9412}.Release|Any CPU.ActiveCfg = Release|Any CPU
		{21150CF0-96D1-45EB-B6B0-71A4BFEB9412}.Release|Any CPU.Build.0 = Release|Any CPU
		{21150CF0-96D1-45EB-B6B0-71A4BFEB9412}.Release|x86.ActiveCfg = Release|Any CPU
		{21150CF0-96D1-45EB-B6B0-71A4BFEB9412}.Release|x86.Build.0 = Release|Any CPU
		{93E360D2-60C4-486E-819D-1A346B2BB66D}.Debug|Any CPU.ActiveCfg = Debug|Any CPU
		{93E360D2-60C4-486E-819D-1A346B2BB66D}.Debug|x86.ActiveCfg = Debug|Any CPU
		{93E360D2-60C4-486E-819D-1A346B2BB66D}.Debug|x86.Build.0 = Debug|Any CPU
		{93E360D2-60C4-486E-819D-1A346B2BB66D}.DebugIncludeUnitTest|Any CPU.ActiveCfg = Debug|Any CPU
		{93E360D2-60C4-486E-819D-1A346B2BB66D}.DebugIncludeUnitTest|x86.ActiveCfg = DebugIncludeUnitTest|Any CPU
		{93E360D2-60C4-486E-819D-1A346B2BB66D}.DebugIncludeUnitTest|x86.Build.0 = DebugIncludeUnitTest|Any CPU
		{93E360D2-60C4-486E-819D-1A346B2BB66D}.DebugTwo|Any CPU.ActiveCfg = Debug|Any CPU
		{93E360D2-60C4-486E-819D-1A346B2BB66D}.DebugTwo|x86.ActiveCfg = Debug|Any CPU
		{93E360D2-60C4-486E-819D-1A346B2BB66D}.DebugTwo|x86.Build.0 = Debug|Any CPU
		{93E360D2-60C4-486E-819D-1A346B2BB66D}.FullDebug|Any CPU.ActiveCfg = Debug|Any CPU
		{93E360D2-60C4-486E-819D-1A346B2BB66D}.FullDebug|Any CPU.Build.0 = Debug|Any CPU
		{93E360D2-60C4-486E-819D-1A346B2BB66D}.FullDebug|x86.ActiveCfg = Debug|Any CPU
		{93E360D2-60C4-486E-819D-1A346B2BB66D}.FullDebug|x86.Build.0 = Debug|Any CPU
		{93E360D2-60C4-486E-819D-1A346B2BB66D}.Release|Any CPU.ActiveCfg = Release|Any CPU
		{93E360D2-60C4-486E-819D-1A346B2BB66D}.Release|Any CPU.Build.0 = Release|Any CPU
		{93E360D2-60C4-486E-819D-1A346B2BB66D}.Release|x86.ActiveCfg = Release|Any CPU
		{93E360D2-60C4-486E-819D-1A346B2BB66D}.Release|x86.Build.0 = Release|Any CPU
		{47CA89BA-89EF-4472-B255-CD2C63319A9E}.Debug|Any CPU.ActiveCfg = Debug|Any CPU
		{47CA89BA-89EF-4472-B255-CD2C63319A9E}.Debug|x86.ActiveCfg = Debug|Any CPU
		{47CA89BA-89EF-4472-B255-CD2C63319A9E}.Debug|x86.Build.0 = Debug|Any CPU
		{47CA89BA-89EF-4472-B255-CD2C63319A9E}.DebugIncludeUnitTest|Any CPU.ActiveCfg = Debug|Any CPU
		{47CA89BA-89EF-4472-B255-CD2C63319A9E}.DebugIncludeUnitTest|x86.ActiveCfg = Debug|Any CPU
		{47CA89BA-89EF-4472-B255-CD2C63319A9E}.DebugIncludeUnitTest|x86.Build.0 = Debug|Any CPU
		{47CA89BA-89EF-4472-B255-CD2C63319A9E}.DebugTwo|Any CPU.ActiveCfg = Debug|Any CPU
		{47CA89BA-89EF-4472-B255-CD2C63319A9E}.DebugTwo|x86.ActiveCfg = Debug|Any CPU
		{47CA89BA-89EF-4472-B255-CD2C63319A9E}.DebugTwo|x86.Build.0 = Debug|Any CPU
		{47CA89BA-89EF-4472-B255-CD2C63319A9E}.FullDebug|Any CPU.ActiveCfg = Debug|Any CPU
		{47CA89BA-89EF-4472-B255-CD2C63319A9E}.FullDebug|Any CPU.Build.0 = Debug|Any CPU
		{47CA89BA-89EF-4472-B255-CD2C63319A9E}.FullDebug|x86.ActiveCfg = Debug|Any CPU
		{47CA89BA-89EF-4472-B255-CD2C63319A9E}.FullDebug|x86.Build.0 = Debug|Any CPU
		{47CA89BA-89EF-4472-B255-CD2C63319A9E}.Release|Any CPU.ActiveCfg = Release|Any CPU
		{47CA89BA-89EF-4472-B255-CD2C63319A9E}.Release|Any CPU.Build.0 = Release|Any CPU
		{47CA89BA-89EF-4472-B255-CD2C63319A9E}.Release|x86.ActiveCfg = Release|Any CPU
		{47CA89BA-89EF-4472-B255-CD2C63319A9E}.Release|x86.Build.0 = Release|Any CPU
		{C9A2B5EB-C539-4C94-AF0D-DCD6DEA157EF}.Debug|Any CPU.ActiveCfg = Debug|Any CPU
		{C9A2B5EB-C539-4C94-AF0D-DCD6DEA157EF}.Debug|x86.ActiveCfg = Debug|x86
		{C9A2B5EB-C539-4C94-AF0D-DCD6DEA157EF}.Debug|x86.Build.0 = Debug|x86
		{C9A2B5EB-C539-4C94-AF0D-DCD6DEA157EF}.DebugIncludeUnitTest|Any CPU.ActiveCfg = Debug|Any CPU
		{C9A2B5EB-C539-4C94-AF0D-DCD6DEA157EF}.DebugIncludeUnitTest|Any CPU.Build.0 = Debug|Any CPU
		{C9A2B5EB-C539-4C94-AF0D-DCD6DEA157EF}.DebugIncludeUnitTest|x86.ActiveCfg = Debug|x86
		{C9A2B5EB-C539-4C94-AF0D-DCD6DEA157EF}.DebugIncludeUnitTest|x86.Build.0 = Debug|x86
		{C9A2B5EB-C539-4C94-AF0D-DCD6DEA157EF}.DebugTwo|Any CPU.ActiveCfg = Debug|Any CPU
		{C9A2B5EB-C539-4C94-AF0D-DCD6DEA157EF}.DebugTwo|Any CPU.Build.0 = Debug|Any CPU
		{C9A2B5EB-C539-4C94-AF0D-DCD6DEA157EF}.DebugTwo|x86.ActiveCfg = Debug|x86
		{C9A2B5EB-C539-4C94-AF0D-DCD6DEA157EF}.DebugTwo|x86.Build.0 = Debug|x86
		{C9A2B5EB-C539-4C94-AF0D-DCD6DEA157EF}.FullDebug|Any CPU.ActiveCfg = Debug|Any CPU
		{C9A2B5EB-C539-4C94-AF0D-DCD6DEA157EF}.FullDebug|Any CPU.Build.0 = Debug|Any CPU
		{C9A2B5EB-C539-4C94-AF0D-DCD6DEA157EF}.FullDebug|x86.ActiveCfg = Debug|x86
		{C9A2B5EB-C539-4C94-AF0D-DCD6DEA157EF}.FullDebug|x86.Build.0 = Debug|x86
		{C9A2B5EB-C539-4C94-AF0D-DCD6DEA157EF}.Release|Any CPU.ActiveCfg = Release|Any CPU
		{C9A2B5EB-C539-4C94-AF0D-DCD6DEA157EF}.Release|Any CPU.Build.0 = Release|Any CPU
		{C9A2B5EB-C539-4C94-AF0D-DCD6DEA157EF}.Release|x86.ActiveCfg = Release|x86
		{C9A2B5EB-C539-4C94-AF0D-DCD6DEA157EF}.Release|x86.Build.0 = Release|x86
		{1612DAD9-8B30-4151-BCF3-03127783791E}.Debug|Any CPU.ActiveCfg = Debug|Any CPU
		{1612DAD9-8B30-4151-BCF3-03127783791E}.Debug|x86.ActiveCfg = Debug|Any CPU
		{1612DAD9-8B30-4151-BCF3-03127783791E}.Debug|x86.Build.0 = Debug|Any CPU
		{1612DAD9-8B30-4151-BCF3-03127783791E}.DebugIncludeUnitTest|Any CPU.ActiveCfg = Debug|Any CPU
		{1612DAD9-8B30-4151-BCF3-03127783791E}.DebugIncludeUnitTest|Any CPU.Build.0 = Debug|Any CPU
		{1612DAD9-8B30-4151-BCF3-03127783791E}.DebugIncludeUnitTest|x86.ActiveCfg = Debug|Any CPU
		{1612DAD9-8B30-4151-BCF3-03127783791E}.DebugIncludeUnitTest|x86.Build.0 = Debug|Any CPU
		{1612DAD9-8B30-4151-BCF3-03127783791E}.DebugTwo|Any CPU.ActiveCfg = Debug|Any CPU
		{1612DAD9-8B30-4151-BCF3-03127783791E}.DebugTwo|Any CPU.Build.0 = Debug|Any CPU
		{1612DAD9-8B30-4151-BCF3-03127783791E}.DebugTwo|x86.ActiveCfg = Debug|Any CPU
		{1612DAD9-8B30-4151-BCF3-03127783791E}.DebugTwo|x86.Build.0 = Debug|Any CPU
		{1612DAD9-8B30-4151-BCF3-03127783791E}.FullDebug|Any CPU.ActiveCfg = Debug|Any CPU
		{1612DAD9-8B30-4151-BCF3-03127783791E}.FullDebug|Any CPU.Build.0 = Debug|Any CPU
		{1612DAD9-8B30-4151-BCF3-03127783791E}.FullDebug|x86.ActiveCfg = Debug|Any CPU
		{1612DAD9-8B30-4151-BCF3-03127783791E}.FullDebug|x86.Build.0 = Debug|Any CPU
		{1612DAD9-8B30-4151-BCF3-03127783791E}.Release|Any CPU.ActiveCfg = Release|Any CPU
		{1612DAD9-8B30-4151-BCF3-03127783791E}.Release|Any CPU.Build.0 = Release|Any CPU
		{1612DAD9-8B30-4151-BCF3-03127783791E}.Release|x86.ActiveCfg = Release|Any CPU
		{1612DAD9-8B30-4151-BCF3-03127783791E}.Release|x86.Build.0 = Release|Any CPU
		{A0A97AC9-DD4D-4EFD-A813-0C04E84BABBB}.Debug|Any CPU.ActiveCfg = Debug|Any CPU
		{A0A97AC9-DD4D-4EFD-A813-0C04E84BABBB}.Debug|x86.ActiveCfg = Debug|Any CPU
		{A0A97AC9-DD4D-4EFD-A813-0C04E84BABBB}.Debug|x86.Build.0 = Debug|Any CPU
		{A0A97AC9-DD4D-4EFD-A813-0C04E84BABBB}.DebugIncludeUnitTest|Any CPU.ActiveCfg = Debug|Any CPU
		{A0A97AC9-DD4D-4EFD-A813-0C04E84BABBB}.DebugIncludeUnitTest|Any CPU.Build.0 = Debug|Any CPU
		{A0A97AC9-DD4D-4EFD-A813-0C04E84BABBB}.DebugIncludeUnitTest|x86.ActiveCfg = Debug|Any CPU
		{A0A97AC9-DD4D-4EFD-A813-0C04E84BABBB}.DebugIncludeUnitTest|x86.Build.0 = Debug|Any CPU
		{A0A97AC9-DD4D-4EFD-A813-0C04E84BABBB}.DebugTwo|Any CPU.ActiveCfg = Debug|Any CPU
		{A0A97AC9-DD4D-4EFD-A813-0C04E84BABBB}.DebugTwo|Any CPU.Build.0 = Debug|Any CPU
		{A0A97AC9-DD4D-4EFD-A813-0C04E84BABBB}.DebugTwo|x86.ActiveCfg = Debug|Any CPU
		{A0A97AC9-DD4D-4EFD-A813-0C04E84BABBB}.DebugTwo|x86.Build.0 = Debug|Any CPU
		{A0A97AC9-DD4D-4EFD-A813-0C04E84BABBB}.FullDebug|Any CPU.ActiveCfg = Debug|Any CPU
		{A0A97AC9-DD4D-4EFD-A813-0C04E84BABBB}.FullDebug|Any CPU.Build.0 = Debug|Any CPU
		{A0A97AC9-DD4D-4EFD-A813-0C04E84BABBB}.FullDebug|x86.ActiveCfg = Debug|Any CPU
		{A0A97AC9-DD4D-4EFD-A813-0C04E84BABBB}.FullDebug|x86.Build.0 = Debug|Any CPU
		{A0A97AC9-DD4D-4EFD-A813-0C04E84BABBB}.Release|Any CPU.ActiveCfg = Release|Any CPU
		{A0A97AC9-DD4D-4EFD-A813-0C04E84BABBB}.Release|Any CPU.Build.0 = Release|Any CPU
		{A0A97AC9-DD4D-4EFD-A813-0C04E84BABBB}.Release|x86.ActiveCfg = Release|Any CPU
		{A0A97AC9-DD4D-4EFD-A813-0C04E84BABBB}.Release|x86.Build.0 = Release|Any CPU
		{B44B4BAC-ACB0-43F2-B0D0-E6AB06A51A2D}.Debug|Any CPU.ActiveCfg = Debug|Any CPU
		{B44B4BAC-ACB0-43F2-B0D0-E6AB06A51A2D}.Debug|x86.ActiveCfg = Debug|Any CPU
		{B44B4BAC-ACB0-43F2-B0D0-E6AB06A51A2D}.Debug|x86.Build.0 = Debug|Any CPU
		{B44B4BAC-ACB0-43F2-B0D0-E6AB06A51A2D}.DebugIncludeUnitTest|Any CPU.ActiveCfg = Debug|Any CPU
		{B44B4BAC-ACB0-43F2-B0D0-E6AB06A51A2D}.DebugIncludeUnitTest|Any CPU.Build.0 = Debug|Any CPU
		{B44B4BAC-ACB0-43F2-B0D0-E6AB06A51A2D}.DebugIncludeUnitTest|x86.ActiveCfg = Debug|Any CPU
		{B44B4BAC-ACB0-43F2-B0D0-E6AB06A51A2D}.DebugIncludeUnitTest|x86.Build.0 = Debug|Any CPU
		{B44B4BAC-ACB0-43F2-B0D0-E6AB06A51A2D}.DebugTwo|Any CPU.ActiveCfg = Debug|Any CPU
		{B44B4BAC-ACB0-43F2-B0D0-E6AB06A51A2D}.DebugTwo|Any CPU.Build.0 = Debug|Any CPU
		{B44B4BAC-ACB0-43F2-B0D0-E6AB06A51A2D}.DebugTwo|x86.ActiveCfg = Debug|Any CPU
		{B44B4BAC-ACB0-43F2-B0D0-E6AB06A51A2D}.DebugTwo|x86.Build.0 = Debug|Any CPU
		{B44B4BAC-ACB0-43F2-B0D0-E6AB06A51A2D}.FullDebug|Any CPU.ActiveCfg = Debug|Any CPU
		{B44B4BAC-ACB0-43F2-B0D0-E6AB06A51A2D}.FullDebug|Any CPU.Build.0 = Debug|Any CPU
		{B44B4BAC-ACB0-43F2-B0D0-E6AB06A51A2D}.FullDebug|x86.ActiveCfg = Debug|Any CPU
		{B44B4BAC-ACB0-43F2-B0D0-E6AB06A51A2D}.FullDebug|x86.Build.0 = Debug|Any CPU
		{B44B4BAC-ACB0-43F2-B0D0-E6AB06A51A2D}.Release|Any CPU.ActiveCfg = Release|Any CPU
		{B44B4BAC-ACB0-43F2-B0D0-E6AB06A51A2D}.Release|Any CPU.Build.0 = Release|Any CPU
		{B44B4BAC-ACB0-43F2-B0D0-E6AB06A51A2D}.Release|x86.ActiveCfg = Release|Any CPU
		{B44B4BAC-ACB0-43F2-B0D0-E6AB06A51A2D}.Release|x86.Build.0 = Release|Any CPU
		{86A023D9-F0EF-4B33-A1BF-B06AC3CF2502}.Debug|Any CPU.ActiveCfg = Debug|Any CPU
		{86A023D9-F0EF-4B33-A1BF-B06AC3CF2502}.Debug|x86.ActiveCfg = Debug|Any CPU
		{86A023D9-F0EF-4B33-A1BF-B06AC3CF2502}.Debug|x86.Build.0 = Debug|Any CPU
		{86A023D9-F0EF-4B33-A1BF-B06AC3CF2502}.DebugIncludeUnitTest|Any CPU.ActiveCfg = Debug|Any CPU
		{86A023D9-F0EF-4B33-A1BF-B06AC3CF2502}.DebugIncludeUnitTest|Any CPU.Build.0 = Debug|Any CPU
		{86A023D9-F0EF-4B33-A1BF-B06AC3CF2502}.DebugIncludeUnitTest|x86.ActiveCfg = Debug|Any CPU
		{86A023D9-F0EF-4B33-A1BF-B06AC3CF2502}.DebugIncludeUnitTest|x86.Build.0 = Debug|Any CPU
		{86A023D9-F0EF-4B33-A1BF-B06AC3CF2502}.DebugTwo|Any CPU.ActiveCfg = Debug|Any CPU
		{86A023D9-F0EF-4B33-A1BF-B06AC3CF2502}.DebugTwo|Any CPU.Build.0 = Debug|Any CPU
		{86A023D9-F0EF-4B33-A1BF-B06AC3CF2502}.DebugTwo|x86.ActiveCfg = Debug|Any CPU
		{86A023D9-F0EF-4B33-A1BF-B06AC3CF2502}.DebugTwo|x86.Build.0 = Debug|Any CPU
		{86A023D9-F0EF-4B33-A1BF-B06AC3CF2502}.FullDebug|Any CPU.ActiveCfg = Debug|Any CPU
		{86A023D9-F0EF-4B33-A1BF-B06AC3CF2502}.FullDebug|Any CPU.Build.0 = Debug|Any CPU
		{86A023D9-F0EF-4B33-A1BF-B06AC3CF2502}.FullDebug|x86.ActiveCfg = Debug|Any CPU
		{86A023D9-F0EF-4B33-A1BF-B06AC3CF2502}.FullDebug|x86.Build.0 = Debug|Any CPU
		{86A023D9-F0EF-4B33-A1BF-B06AC3CF2502}.Release|Any CPU.ActiveCfg = Release|Any CPU
		{86A023D9-F0EF-4B33-A1BF-B06AC3CF2502}.Release|Any CPU.Build.0 = Release|Any CPU
		{86A023D9-F0EF-4B33-A1BF-B06AC3CF2502}.Release|x86.ActiveCfg = Release|Any CPU
		{86A023D9-F0EF-4B33-A1BF-B06AC3CF2502}.Release|x86.Build.0 = Release|Any CPU
		{9F6942D6-240C-4C82-9926-FE7EA4A69BC4}.Debug|Any CPU.ActiveCfg = Debug|Any CPU
		{9F6942D6-240C-4C82-9926-FE7EA4A69BC4}.Debug|x86.ActiveCfg = Debug|Any CPU
		{9F6942D6-240C-4C82-9926-FE7EA4A69BC4}.Debug|x86.Build.0 = Debug|Any CPU
		{9F6942D6-240C-4C82-9926-FE7EA4A69BC4}.DebugIncludeUnitTest|Any CPU.ActiveCfg = Debug|Any CPU
		{9F6942D6-240C-4C82-9926-FE7EA4A69BC4}.DebugIncludeUnitTest|x86.ActiveCfg = Debug|Any CPU
		{9F6942D6-240C-4C82-9926-FE7EA4A69BC4}.DebugIncludeUnitTest|x86.Build.0 = Debug|Any CPU
		{9F6942D6-240C-4C82-9926-FE7EA4A69BC4}.DebugTwo|Any CPU.ActiveCfg = Debug|Any CPU
		{9F6942D6-240C-4C82-9926-FE7EA4A69BC4}.DebugTwo|Any CPU.Build.0 = Debug|Any CPU
		{9F6942D6-240C-4C82-9926-FE7EA4A69BC4}.DebugTwo|x86.ActiveCfg = Debug|Any CPU
		{9F6942D6-240C-4C82-9926-FE7EA4A69BC4}.DebugTwo|x86.Build.0 = Debug|Any CPU
		{9F6942D6-240C-4C82-9926-FE7EA4A69BC4}.FullDebug|Any CPU.ActiveCfg = Debug|Any CPU
		{9F6942D6-240C-4C82-9926-FE7EA4A69BC4}.FullDebug|Any CPU.Build.0 = Debug|Any CPU
		{9F6942D6-240C-4C82-9926-FE7EA4A69BC4}.FullDebug|x86.ActiveCfg = Debug|Any CPU
		{9F6942D6-240C-4C82-9926-FE7EA4A69BC4}.FullDebug|x86.Build.0 = Debug|Any CPU
		{9F6942D6-240C-4C82-9926-FE7EA4A69BC4}.Release|Any CPU.ActiveCfg = Release|Any CPU
		{9F6942D6-240C-4C82-9926-FE7EA4A69BC4}.Release|Any CPU.Build.0 = Release|Any CPU
		{9F6942D6-240C-4C82-9926-FE7EA4A69BC4}.Release|x86.ActiveCfg = Release|Any CPU
		{9F6942D6-240C-4C82-9926-FE7EA4A69BC4}.Release|x86.Build.0 = Release|Any CPU
		{27799267-2C3B-4C32-9511-1EDEEC495688}.Debug|Any CPU.ActiveCfg = Debug|Any CPU
		{27799267-2C3B-4C32-9511-1EDEEC495688}.Debug|x86.ActiveCfg = Debug|Any CPU
		{27799267-2C3B-4C32-9511-1EDEEC495688}.Debug|x86.Build.0 = Debug|Any CPU
		{27799267-2C3B-4C32-9511-1EDEEC495688}.DebugIncludeUnitTest|Any CPU.ActiveCfg = Debug|Any CPU
		{27799267-2C3B-4C32-9511-1EDEEC495688}.DebugIncludeUnitTest|Any CPU.Build.0 = Debug|Any CPU
		{27799267-2C3B-4C32-9511-1EDEEC495688}.DebugIncludeUnitTest|x86.ActiveCfg = Debug|Any CPU
		{27799267-2C3B-4C32-9511-1EDEEC495688}.DebugIncludeUnitTest|x86.Build.0 = Debug|Any CPU
		{27799267-2C3B-4C32-9511-1EDEEC495688}.DebugTwo|Any CPU.ActiveCfg = Debug|Any CPU
		{27799267-2C3B-4C32-9511-1EDEEC495688}.DebugTwo|x86.ActiveCfg = Debug|Any CPU
		{27799267-2C3B-4C32-9511-1EDEEC495688}.DebugTwo|x86.Build.0 = Debug|Any CPU
		{27799267-2C3B-4C32-9511-1EDEEC495688}.FullDebug|Any CPU.ActiveCfg = Debug|Any CPU
		{27799267-2C3B-4C32-9511-1EDEEC495688}.FullDebug|Any CPU.Build.0 = Debug|Any CPU
		{27799267-2C3B-4C32-9511-1EDEEC495688}.FullDebug|x86.ActiveCfg = Debug|Any CPU
		{27799267-2C3B-4C32-9511-1EDEEC495688}.FullDebug|x86.Build.0 = Debug|Any CPU
		{27799267-2C3B-4C32-9511-1EDEEC495688}.Release|Any CPU.ActiveCfg = Release|Any CPU
		{27799267-2C3B-4C32-9511-1EDEEC495688}.Release|Any CPU.Build.0 = Release|Any CPU
		{27799267-2C3B-4C32-9511-1EDEEC495688}.Release|x86.ActiveCfg = Release|Any CPU
		{27799267-2C3B-4C32-9511-1EDEEC495688}.Release|x86.Build.0 = Release|Any CPU
		{E644BE94-263B-4F65-A8E9-FB0C2CE8199D}.Debug|Any CPU.ActiveCfg = Debug|Any CPU
		{E644BE94-263B-4F65-A8E9-FB0C2CE8199D}.Debug|x86.ActiveCfg = Debug|Any CPU
		{E644BE94-263B-4F65-A8E9-FB0C2CE8199D}.Debug|x86.Build.0 = Debug|Any CPU
		{E644BE94-263B-4F65-A8E9-FB0C2CE8199D}.DebugIncludeUnitTest|Any CPU.ActiveCfg = Debug|Any CPU
		{E644BE94-263B-4F65-A8E9-FB0C2CE8199D}.DebugIncludeUnitTest|Any CPU.Build.0 = Debug|Any CPU
		{E644BE94-263B-4F65-A8E9-FB0C2CE8199D}.DebugIncludeUnitTest|x86.ActiveCfg = Debug|Any CPU
		{E644BE94-263B-4F65-A8E9-FB0C2CE8199D}.DebugIncludeUnitTest|x86.Build.0 = Debug|Any CPU
		{E644BE94-263B-4F65-A8E9-FB0C2CE8199D}.DebugTwo|Any CPU.ActiveCfg = Debug|Any CPU
		{E644BE94-263B-4F65-A8E9-FB0C2CE8199D}.DebugTwo|x86.ActiveCfg = Debug|Any CPU
		{E644BE94-263B-4F65-A8E9-FB0C2CE8199D}.DebugTwo|x86.Build.0 = Debug|Any CPU
		{E644BE94-263B-4F65-A8E9-FB0C2CE8199D}.FullDebug|Any CPU.ActiveCfg = Debug|Any CPU
		{E644BE94-263B-4F65-A8E9-FB0C2CE8199D}.FullDebug|Any CPU.Build.0 = Debug|Any CPU
		{E644BE94-263B-4F65-A8E9-FB0C2CE8199D}.FullDebug|x86.ActiveCfg = Debug|Any CPU
		{E644BE94-263B-4F65-A8E9-FB0C2CE8199D}.FullDebug|x86.Build.0 = Debug|Any CPU
		{E644BE94-263B-4F65-A8E9-FB0C2CE8199D}.Release|Any CPU.ActiveCfg = Release|Any CPU
		{E644BE94-263B-4F65-A8E9-FB0C2CE8199D}.Release|Any CPU.Build.0 = Release|Any CPU
		{E644BE94-263B-4F65-A8E9-FB0C2CE8199D}.Release|x86.ActiveCfg = Release|Any CPU
		{E644BE94-263B-4F65-A8E9-FB0C2CE8199D}.Release|x86.Build.0 = Release|Any CPU
		{164C3441-76E3-4920-AFF6-ADEC0E26DCDB}.Debug|Any CPU.ActiveCfg = Debug|Any CPU
		{164C3441-76E3-4920-AFF6-ADEC0E26DCDB}.Debug|x86.ActiveCfg = Debug|Any CPU
		{164C3441-76E3-4920-AFF6-ADEC0E26DCDB}.Debug|x86.Build.0 = Debug|Any CPU
		{164C3441-76E3-4920-AFF6-ADEC0E26DCDB}.DebugIncludeUnitTest|Any CPU.ActiveCfg = Debug|Any CPU
		{164C3441-76E3-4920-AFF6-ADEC0E26DCDB}.DebugIncludeUnitTest|Any CPU.Build.0 = Debug|Any CPU
		{164C3441-76E3-4920-AFF6-ADEC0E26DCDB}.DebugIncludeUnitTest|x86.ActiveCfg = Debug|Any CPU
		{164C3441-76E3-4920-AFF6-ADEC0E26DCDB}.DebugIncludeUnitTest|x86.Build.0 = Debug|Any CPU
		{164C3441-76E3-4920-AFF6-ADEC0E26DCDB}.DebugTwo|Any CPU.ActiveCfg = Debug|Any CPU
		{164C3441-76E3-4920-AFF6-ADEC0E26DCDB}.DebugTwo|x86.ActiveCfg = Debug|Any CPU
		{164C3441-76E3-4920-AFF6-ADEC0E26DCDB}.DebugTwo|x86.Build.0 = Debug|Any CPU
		{164C3441-76E3-4920-AFF6-ADEC0E26DCDB}.FullDebug|Any CPU.ActiveCfg = Debug|Any CPU
		{164C3441-76E3-4920-AFF6-ADEC0E26DCDB}.FullDebug|Any CPU.Build.0 = Debug|Any CPU
		{164C3441-76E3-4920-AFF6-ADEC0E26DCDB}.FullDebug|x86.ActiveCfg = Debug|Any CPU
		{164C3441-76E3-4920-AFF6-ADEC0E26DCDB}.FullDebug|x86.Build.0 = Debug|Any CPU
		{164C3441-76E3-4920-AFF6-ADEC0E26DCDB}.Release|Any CPU.ActiveCfg = Release|Any CPU
		{164C3441-76E3-4920-AFF6-ADEC0E26DCDB}.Release|Any CPU.Build.0 = Release|Any CPU
		{164C3441-76E3-4920-AFF6-ADEC0E26DCDB}.Release|x86.ActiveCfg = Release|Any CPU
		{164C3441-76E3-4920-AFF6-ADEC0E26DCDB}.Release|x86.Build.0 = Release|Any CPU
		{68511CA9-E527-43D2-AF57-2838CF389040}.Debug|Any CPU.ActiveCfg = Debug|Any CPU
		{68511CA9-E527-43D2-AF57-2838CF389040}.Debug|x86.ActiveCfg = Debug|Any CPU
		{68511CA9-E527-43D2-AF57-2838CF389040}.Debug|x86.Build.0 = Debug|Any CPU
		{68511CA9-E527-43D2-AF57-2838CF389040}.DebugIncludeUnitTest|Any CPU.ActiveCfg = Debug|Any CPU
		{68511CA9-E527-43D2-AF57-2838CF389040}.DebugIncludeUnitTest|Any CPU.Build.0 = Debug|Any CPU
		{68511CA9-E527-43D2-AF57-2838CF389040}.DebugIncludeUnitTest|x86.ActiveCfg = Debug|Any CPU
		{68511CA9-E527-43D2-AF57-2838CF389040}.DebugIncludeUnitTest|x86.Build.0 = Debug|Any CPU
		{68511CA9-E527-43D2-AF57-2838CF389040}.DebugTwo|Any CPU.ActiveCfg = Debug|Any CPU
		{68511CA9-E527-43D2-AF57-2838CF389040}.DebugTwo|x86.ActiveCfg = Debug|Any CPU
		{68511CA9-E527-43D2-AF57-2838CF389040}.DebugTwo|x86.Build.0 = Debug|Any CPU
		{68511CA9-E527-43D2-AF57-2838CF389040}.FullDebug|Any CPU.ActiveCfg = Debug|Any CPU
		{68511CA9-E527-43D2-AF57-2838CF389040}.FullDebug|Any CPU.Build.0 = Debug|Any CPU
		{68511CA9-E527-43D2-AF57-2838CF389040}.FullDebug|x86.ActiveCfg = Debug|Any CPU
		{68511CA9-E527-43D2-AF57-2838CF389040}.FullDebug|x86.Build.0 = Debug|Any CPU
		{68511CA9-E527-43D2-AF57-2838CF389040}.Release|Any CPU.ActiveCfg = Release|Any CPU
		{68511CA9-E527-43D2-AF57-2838CF389040}.Release|Any CPU.Build.0 = Release|Any CPU
		{68511CA9-E527-43D2-AF57-2838CF389040}.Release|x86.ActiveCfg = Release|Any CPU
		{68511CA9-E527-43D2-AF57-2838CF389040}.Release|x86.Build.0 = Release|Any CPU
		{B0B4C4B3-0C91-4A97-A14C-41AED07B9726}.Debug|Any CPU.ActiveCfg = Debug|Any CPU
		{B0B4C4B3-0C91-4A97-A14C-41AED07B9726}.Debug|x86.ActiveCfg = Debug|Any CPU
		{B0B4C4B3-0C91-4A97-A14C-41AED07B9726}.Debug|x86.Build.0 = Debug|Any CPU
		{B0B4C4B3-0C91-4A97-A14C-41AED07B9726}.DebugIncludeUnitTest|Any CPU.ActiveCfg = Debug|Any CPU
		{B0B4C4B3-0C91-4A97-A14C-41AED07B9726}.DebugIncludeUnitTest|Any CPU.Build.0 = Debug|Any CPU
		{B0B4C4B3-0C91-4A97-A14C-41AED07B9726}.DebugIncludeUnitTest|x86.ActiveCfg = Debug|Any CPU
		{B0B4C4B3-0C91-4A97-A14C-41AED07B9726}.DebugIncludeUnitTest|x86.Build.0 = Debug|Any CPU
		{B0B4C4B3-0C91-4A97-A14C-41AED07B9726}.DebugTwo|Any CPU.ActiveCfg = Debug|Any CPU
		{B0B4C4B3-0C91-4A97-A14C-41AED07B9726}.DebugTwo|x86.ActiveCfg = Debug|Any CPU
		{B0B4C4B3-0C91-4A97-A14C-41AED07B9726}.DebugTwo|x86.Build.0 = Debug|Any CPU
		{B0B4C4B3-0C91-4A97-A14C-41AED07B9726}.FullDebug|Any CPU.ActiveCfg = Debug|Any CPU
		{B0B4C4B3-0C91-4A97-A14C-41AED07B9726}.FullDebug|Any CPU.Build.0 = Debug|Any CPU
		{B0B4C4B3-0C91-4A97-A14C-41AED07B9726}.FullDebug|x86.ActiveCfg = Debug|Any CPU
		{B0B4C4B3-0C91-4A97-A14C-41AED07B9726}.FullDebug|x86.Build.0 = Debug|Any CPU
		{B0B4C4B3-0C91-4A97-A14C-41AED07B9726}.Release|Any CPU.ActiveCfg = Release|Any CPU
		{B0B4C4B3-0C91-4A97-A14C-41AED07B9726}.Release|Any CPU.Build.0 = Release|Any CPU
		{B0B4C4B3-0C91-4A97-A14C-41AED07B9726}.Release|x86.ActiveCfg = Release|Any CPU
		{B0B4C4B3-0C91-4A97-A14C-41AED07B9726}.Release|x86.Build.0 = Release|Any CPU
		{41ADBD6E-6E36-4D02-982B-3EB52C331313}.Debug|Any CPU.ActiveCfg = Debug|Any CPU
		{41ADBD6E-6E36-4D02-982B-3EB52C331313}.Debug|Any CPU.Build.0 = Debug|Any CPU
		{41ADBD6E-6E36-4D02-982B-3EB52C331313}.Debug|x86.ActiveCfg = Debug|Any CPU
		{41ADBD6E-6E36-4D02-982B-3EB52C331313}.Debug|x86.Build.0 = Debug|Any CPU
		{41ADBD6E-6E36-4D02-982B-3EB52C331313}.DebugIncludeUnitTest|Any CPU.ActiveCfg = Debug|Any CPU
		{41ADBD6E-6E36-4D02-982B-3EB52C331313}.DebugIncludeUnitTest|Any CPU.Build.0 = Debug|Any CPU
		{41ADBD6E-6E36-4D02-982B-3EB52C331313}.DebugIncludeUnitTest|x86.ActiveCfg = Debug|Any CPU
		{41ADBD6E-6E36-4D02-982B-3EB52C331313}.DebugIncludeUnitTest|x86.Build.0 = Debug|Any CPU
		{41ADBD6E-6E36-4D02-982B-3EB52C331313}.DebugTwo|Any CPU.ActiveCfg = Debug|Any CPU
		{41ADBD6E-6E36-4D02-982B-3EB52C331313}.DebugTwo|Any CPU.Build.0 = Debug|Any CPU
		{41ADBD6E-6E36-4D02-982B-3EB52C331313}.DebugTwo|x86.ActiveCfg = Debug|Any CPU
		{41ADBD6E-6E36-4D02-982B-3EB52C331313}.DebugTwo|x86.Build.0 = Debug|Any CPU
		{41ADBD6E-6E36-4D02-982B-3EB52C331313}.FullDebug|Any CPU.ActiveCfg = Debug|Any CPU
		{41ADBD6E-6E36-4D02-982B-3EB52C331313}.FullDebug|Any CPU.Build.0 = Debug|Any CPU
		{41ADBD6E-6E36-4D02-982B-3EB52C331313}.FullDebug|x86.ActiveCfg = Debug|Any CPU
		{41ADBD6E-6E36-4D02-982B-3EB52C331313}.FullDebug|x86.Build.0 = Debug|Any CPU
		{41ADBD6E-6E36-4D02-982B-3EB52C331313}.Release|Any CPU.ActiveCfg = Release|Any CPU
		{41ADBD6E-6E36-4D02-982B-3EB52C331313}.Release|Any CPU.Build.0 = Release|Any CPU
		{41ADBD6E-6E36-4D02-982B-3EB52C331313}.Release|x86.ActiveCfg = Release|Any CPU
		{41ADBD6E-6E36-4D02-982B-3EB52C331313}.Release|x86.Build.0 = Release|Any CPU
		{4AC4987E-D629-4FAF-B954-701F86FA74B9}.Debug|Any CPU.ActiveCfg = Debug|Any CPU
		{4AC4987E-D629-4FAF-B954-701F86FA74B9}.Debug|x86.ActiveCfg = Debug|Any CPU
		{4AC4987E-D629-4FAF-B954-701F86FA74B9}.Debug|x86.Build.0 = Debug|Any CPU
		{4AC4987E-D629-4FAF-B954-701F86FA74B9}.DebugIncludeUnitTest|Any CPU.ActiveCfg = Debug|Any CPU
		{4AC4987E-D629-4FAF-B954-701F86FA74B9}.DebugIncludeUnitTest|Any CPU.Build.0 = Debug|Any CPU
		{4AC4987E-D629-4FAF-B954-701F86FA74B9}.DebugIncludeUnitTest|x86.ActiveCfg = Debug|Any CPU
		{4AC4987E-D629-4FAF-B954-701F86FA74B9}.DebugIncludeUnitTest|x86.Build.0 = Debug|Any CPU
		{4AC4987E-D629-4FAF-B954-701F86FA74B9}.DebugTwo|Any CPU.ActiveCfg = Debug|Any CPU
		{4AC4987E-D629-4FAF-B954-701F86FA74B9}.DebugTwo|x86.ActiveCfg = Debug|Any CPU
		{4AC4987E-D629-4FAF-B954-701F86FA74B9}.DebugTwo|x86.Build.0 = Debug|Any CPU
		{4AC4987E-D629-4FAF-B954-701F86FA74B9}.FullDebug|Any CPU.ActiveCfg = Debug|Any CPU
		{4AC4987E-D629-4FAF-B954-701F86FA74B9}.FullDebug|Any CPU.Build.0 = Debug|Any CPU
		{4AC4987E-D629-4FAF-B954-701F86FA74B9}.FullDebug|x86.ActiveCfg = Debug|Any CPU
		{4AC4987E-D629-4FAF-B954-701F86FA74B9}.FullDebug|x86.Build.0 = Debug|Any CPU
		{4AC4987E-D629-4FAF-B954-701F86FA74B9}.Release|Any CPU.ActiveCfg = Release|Any CPU
		{4AC4987E-D629-4FAF-B954-701F86FA74B9}.Release|Any CPU.Build.0 = Release|Any CPU
		{4AC4987E-D629-4FAF-B954-701F86FA74B9}.Release|x86.ActiveCfg = Release|Any CPU
		{4AC4987E-D629-4FAF-B954-701F86FA74B9}.Release|x86.Build.0 = Release|Any CPU
		{EC7A703B-7C32-4BAC-8016-83D89A7DF5E1}.Debug|Any CPU.ActiveCfg = Debug|Any CPU
		{EC7A703B-7C32-4BAC-8016-83D89A7DF5E1}.Debug|x86.ActiveCfg = Debug|Any CPU
		{EC7A703B-7C32-4BAC-8016-83D89A7DF5E1}.Debug|x86.Build.0 = Debug|Any CPU
		{EC7A703B-7C32-4BAC-8016-83D89A7DF5E1}.DebugIncludeUnitTest|Any CPU.ActiveCfg = Debug|Any CPU
		{EC7A703B-7C32-4BAC-8016-83D89A7DF5E1}.DebugIncludeUnitTest|Any CPU.Build.0 = Debug|Any CPU
		{EC7A703B-7C32-4BAC-8016-83D89A7DF5E1}.DebugIncludeUnitTest|x86.ActiveCfg = Debug|Any CPU
		{EC7A703B-7C32-4BAC-8016-83D89A7DF5E1}.DebugIncludeUnitTest|x86.Build.0 = Debug|Any CPU
		{EC7A703B-7C32-4BAC-8016-83D89A7DF5E1}.DebugTwo|Any CPU.ActiveCfg = Debug|Any CPU
		{EC7A703B-7C32-4BAC-8016-83D89A7DF5E1}.DebugTwo|x86.ActiveCfg = Debug|Any CPU
		{EC7A703B-7C32-4BAC-8016-83D89A7DF5E1}.DebugTwo|x86.Build.0 = Debug|Any CPU
		{EC7A703B-7C32-4BAC-8016-83D89A7DF5E1}.FullDebug|Any CPU.ActiveCfg = Debug|Any CPU
		{EC7A703B-7C32-4BAC-8016-83D89A7DF5E1}.FullDebug|Any CPU.Build.0 = Debug|Any CPU
		{EC7A703B-7C32-4BAC-8016-83D89A7DF5E1}.FullDebug|x86.ActiveCfg = Debug|Any CPU
		{EC7A703B-7C32-4BAC-8016-83D89A7DF5E1}.FullDebug|x86.Build.0 = Debug|Any CPU
		{EC7A703B-7C32-4BAC-8016-83D89A7DF5E1}.Release|Any CPU.ActiveCfg = Release|Any CPU
		{EC7A703B-7C32-4BAC-8016-83D89A7DF5E1}.Release|Any CPU.Build.0 = Release|Any CPU
		{EC7A703B-7C32-4BAC-8016-83D89A7DF5E1}.Release|x86.ActiveCfg = Release|Any CPU
		{EC7A703B-7C32-4BAC-8016-83D89A7DF5E1}.Release|x86.Build.0 = Release|Any CPU
		{CE9452FA-D90F-48B5-B77E-8541D73FEABA}.Debug|Any CPU.ActiveCfg = Debug|Any CPU
		{CE9452FA-D90F-48B5-B77E-8541D73FEABA}.Debug|x86.ActiveCfg = Debug|Any CPU
		{CE9452FA-D90F-48B5-B77E-8541D73FEABA}.Debug|x86.Build.0 = Debug|Any CPU
		{CE9452FA-D90F-48B5-B77E-8541D73FEABA}.DebugIncludeUnitTest|Any CPU.ActiveCfg = Debug|Any CPU
		{CE9452FA-D90F-48B5-B77E-8541D73FEABA}.DebugIncludeUnitTest|Any CPU.Build.0 = Debug|Any CPU
		{CE9452FA-D90F-48B5-B77E-8541D73FEABA}.DebugIncludeUnitTest|x86.ActiveCfg = Debug|Any CPU
		{CE9452FA-D90F-48B5-B77E-8541D73FEABA}.DebugIncludeUnitTest|x86.Build.0 = Debug|Any CPU
		{CE9452FA-D90F-48B5-B77E-8541D73FEABA}.DebugTwo|Any CPU.ActiveCfg = Debug|Any CPU
		{CE9452FA-D90F-48B5-B77E-8541D73FEABA}.DebugTwo|x86.ActiveCfg = Debug|Any CPU
		{CE9452FA-D90F-48B5-B77E-8541D73FEABA}.DebugTwo|x86.Build.0 = Debug|Any CPU
		{CE9452FA-D90F-48B5-B77E-8541D73FEABA}.FullDebug|Any CPU.ActiveCfg = Debug|Any CPU
		{CE9452FA-D90F-48B5-B77E-8541D73FEABA}.FullDebug|Any CPU.Build.0 = Debug|Any CPU
		{CE9452FA-D90F-48B5-B77E-8541D73FEABA}.FullDebug|x86.ActiveCfg = Debug|Any CPU
		{CE9452FA-D90F-48B5-B77E-8541D73FEABA}.FullDebug|x86.Build.0 = Debug|Any CPU
		{CE9452FA-D90F-48B5-B77E-8541D73FEABA}.Release|Any CPU.ActiveCfg = Release|Any CPU
		{CE9452FA-D90F-48B5-B77E-8541D73FEABA}.Release|Any CPU.Build.0 = Release|Any CPU
		{CE9452FA-D90F-48B5-B77E-8541D73FEABA}.Release|x86.ActiveCfg = Release|Any CPU
		{CE9452FA-D90F-48B5-B77E-8541D73FEABA}.Release|x86.Build.0 = Release|Any CPU
		{5A20C468-FFF8-4108-9D71-44767C9F72F0}.Debug|Any CPU.ActiveCfg = Debug|Any CPU
		{5A20C468-FFF8-4108-9D71-44767C9F72F0}.Debug|x86.ActiveCfg = Debug|Any CPU
		{5A20C468-FFF8-4108-9D71-44767C9F72F0}.Debug|x86.Build.0 = Debug|Any CPU
		{5A20C468-FFF8-4108-9D71-44767C9F72F0}.DebugIncludeUnitTest|Any CPU.ActiveCfg = Debug|Any CPU
		{5A20C468-FFF8-4108-9D71-44767C9F72F0}.DebugIncludeUnitTest|Any CPU.Build.0 = Debug|Any CPU
		{5A20C468-FFF8-4108-9D71-44767C9F72F0}.DebugIncludeUnitTest|x86.ActiveCfg = Debug|Any CPU
		{5A20C468-FFF8-4108-9D71-44767C9F72F0}.DebugIncludeUnitTest|x86.Build.0 = Debug|Any CPU
		{5A20C468-FFF8-4108-9D71-44767C9F72F0}.DebugTwo|Any CPU.ActiveCfg = Debug|Any CPU
		{5A20C468-FFF8-4108-9D71-44767C9F72F0}.DebugTwo|Any CPU.Build.0 = Debug|Any CPU
		{5A20C468-FFF8-4108-9D71-44767C9F72F0}.DebugTwo|x86.ActiveCfg = Debug|Any CPU
		{5A20C468-FFF8-4108-9D71-44767C9F72F0}.DebugTwo|x86.Build.0 = Debug|Any CPU
		{5A20C468-FFF8-4108-9D71-44767C9F72F0}.FullDebug|Any CPU.ActiveCfg = Debug|Any CPU
		{5A20C468-FFF8-4108-9D71-44767C9F72F0}.FullDebug|Any CPU.Build.0 = Debug|Any CPU
		{5A20C468-FFF8-4108-9D71-44767C9F72F0}.FullDebug|x86.ActiveCfg = Debug|Any CPU
		{5A20C468-FFF8-4108-9D71-44767C9F72F0}.FullDebug|x86.Build.0 = Debug|Any CPU
		{5A20C468-FFF8-4108-9D71-44767C9F72F0}.Release|Any CPU.ActiveCfg = Release|Any CPU
		{5A20C468-FFF8-4108-9D71-44767C9F72F0}.Release|Any CPU.Build.0 = Release|Any CPU
		{5A20C468-FFF8-4108-9D71-44767C9F72F0}.Release|x86.ActiveCfg = Release|Any CPU
		{5A20C468-FFF8-4108-9D71-44767C9F72F0}.Release|x86.Build.0 = Release|Any CPU
		{6C55AC65-75D6-4850-971A-2CDF7626DD80}.Debug|Any CPU.ActiveCfg = Debug|Any CPU
		{6C55AC65-75D6-4850-971A-2CDF7626DD80}.Debug|x86.ActiveCfg = Debug|Any CPU
		{6C55AC65-75D6-4850-971A-2CDF7626DD80}.Debug|x86.Build.0 = Debug|Any CPU
		{6C55AC65-75D6-4850-971A-2CDF7626DD80}.DebugIncludeUnitTest|Any CPU.ActiveCfg = Debug|Any CPU
		{6C55AC65-75D6-4850-971A-2CDF7626DD80}.DebugIncludeUnitTest|Any CPU.Build.0 = Debug|Any CPU
		{6C55AC65-75D6-4850-971A-2CDF7626DD80}.DebugIncludeUnitTest|x86.ActiveCfg = Debug|Any CPU
		{6C55AC65-75D6-4850-971A-2CDF7626DD80}.DebugIncludeUnitTest|x86.Build.0 = Debug|Any CPU
		{6C55AC65-75D6-4850-971A-2CDF7626DD80}.DebugTwo|Any CPU.ActiveCfg = Debug|Any CPU
		{6C55AC65-75D6-4850-971A-2CDF7626DD80}.DebugTwo|x86.ActiveCfg = Debug|Any CPU
		{6C55AC65-75D6-4850-971A-2CDF7626DD80}.DebugTwo|x86.Build.0 = Debug|Any CPU
		{6C55AC65-75D6-4850-971A-2CDF7626DD80}.FullDebug|Any CPU.ActiveCfg = Debug|Any CPU
		{6C55AC65-75D6-4850-971A-2CDF7626DD80}.FullDebug|Any CPU.Build.0 = Debug|Any CPU
		{6C55AC65-75D6-4850-971A-2CDF7626DD80}.FullDebug|x86.ActiveCfg = Debug|Any CPU
		{6C55AC65-75D6-4850-971A-2CDF7626DD80}.FullDebug|x86.Build.0 = Debug|Any CPU
		{6C55AC65-75D6-4850-971A-2CDF7626DD80}.Release|Any CPU.ActiveCfg = Release|Any CPU
		{6C55AC65-75D6-4850-971A-2CDF7626DD80}.Release|Any CPU.Build.0 = Release|Any CPU
		{6C55AC65-75D6-4850-971A-2CDF7626DD80}.Release|x86.ActiveCfg = Release|Any CPU
		{6C55AC65-75D6-4850-971A-2CDF7626DD80}.Release|x86.Build.0 = Release|Any CPU
		{2EEFBB1E-F19D-4135-B6F5-BD1ACECF1C7B}.Debug|Any CPU.ActiveCfg = Debug|Any CPU
		{2EEFBB1E-F19D-4135-B6F5-BD1ACECF1C7B}.Debug|x86.ActiveCfg = Debug|Any CPU
		{2EEFBB1E-F19D-4135-B6F5-BD1ACECF1C7B}.Debug|x86.Build.0 = Debug|Any CPU
		{2EEFBB1E-F19D-4135-B6F5-BD1ACECF1C7B}.DebugIncludeUnitTest|Any CPU.ActiveCfg = Debug|Any CPU
		{2EEFBB1E-F19D-4135-B6F5-BD1ACECF1C7B}.DebugIncludeUnitTest|Any CPU.Build.0 = Debug|Any CPU
		{2EEFBB1E-F19D-4135-B6F5-BD1ACECF1C7B}.DebugIncludeUnitTest|x86.ActiveCfg = Debug|Any CPU
		{2EEFBB1E-F19D-4135-B6F5-BD1ACECF1C7B}.DebugIncludeUnitTest|x86.Build.0 = Debug|Any CPU
		{2EEFBB1E-F19D-4135-B6F5-BD1ACECF1C7B}.DebugTwo|Any CPU.ActiveCfg = Debug|Any CPU
		{2EEFBB1E-F19D-4135-B6F5-BD1ACECF1C7B}.DebugTwo|x86.ActiveCfg = Debug|Any CPU
		{2EEFBB1E-F19D-4135-B6F5-BD1ACECF1C7B}.DebugTwo|x86.Build.0 = Debug|Any CPU
		{2EEFBB1E-F19D-4135-B6F5-BD1ACECF1C7B}.FullDebug|Any CPU.ActiveCfg = Debug|Any CPU
		{2EEFBB1E-F19D-4135-B6F5-BD1ACECF1C7B}.FullDebug|Any CPU.Build.0 = Debug|Any CPU
		{2EEFBB1E-F19D-4135-B6F5-BD1ACECF1C7B}.FullDebug|x86.ActiveCfg = Debug|Any CPU
		{2EEFBB1E-F19D-4135-B6F5-BD1ACECF1C7B}.FullDebug|x86.Build.0 = Debug|Any CPU
		{2EEFBB1E-F19D-4135-B6F5-BD1ACECF1C7B}.Release|Any CPU.ActiveCfg = Release|Any CPU
		{2EEFBB1E-F19D-4135-B6F5-BD1ACECF1C7B}.Release|Any CPU.Build.0 = Release|Any CPU
		{2EEFBB1E-F19D-4135-B6F5-BD1ACECF1C7B}.Release|x86.ActiveCfg = Release|Any CPU
		{2EEFBB1E-F19D-4135-B6F5-BD1ACECF1C7B}.Release|x86.Build.0 = Release|Any CPU
		{E4815159-1FB7-40A3-8DC0-7BC6FAA8396D}.Debug|Any CPU.ActiveCfg = Debug|Any CPU
		{E4815159-1FB7-40A3-8DC0-7BC6FAA8396D}.Debug|x86.ActiveCfg = Debug|Any CPU
		{E4815159-1FB7-40A3-8DC0-7BC6FAA8396D}.Debug|x86.Build.0 = Debug|Any CPU
		{E4815159-1FB7-40A3-8DC0-7BC6FAA8396D}.DebugIncludeUnitTest|Any CPU.ActiveCfg = Debug|Any CPU
		{E4815159-1FB7-40A3-8DC0-7BC6FAA8396D}.DebugIncludeUnitTest|Any CPU.Build.0 = Debug|Any CPU
		{E4815159-1FB7-40A3-8DC0-7BC6FAA8396D}.DebugIncludeUnitTest|x86.ActiveCfg = Debug|Any CPU
		{E4815159-1FB7-40A3-8DC0-7BC6FAA8396D}.DebugIncludeUnitTest|x86.Build.0 = Debug|Any CPU
		{E4815159-1FB7-40A3-8DC0-7BC6FAA8396D}.DebugTwo|Any CPU.ActiveCfg = Debug|Any CPU
		{E4815159-1FB7-40A3-8DC0-7BC6FAA8396D}.DebugTwo|x86.ActiveCfg = Debug|Any CPU
		{E4815159-1FB7-40A3-8DC0-7BC6FAA8396D}.DebugTwo|x86.Build.0 = Debug|Any CPU
		{E4815159-1FB7-40A3-8DC0-7BC6FAA8396D}.FullDebug|Any CPU.ActiveCfg = Debug|Any CPU
		{E4815159-1FB7-40A3-8DC0-7BC6FAA8396D}.FullDebug|Any CPU.Build.0 = Debug|Any CPU
		{E4815159-1FB7-40A3-8DC0-7BC6FAA8396D}.FullDebug|x86.ActiveCfg = Debug|Any CPU
		{E4815159-1FB7-40A3-8DC0-7BC6FAA8396D}.FullDebug|x86.Build.0 = Debug|Any CPU
		{E4815159-1FB7-40A3-8DC0-7BC6FAA8396D}.Release|Any CPU.ActiveCfg = Release|Any CPU
		{E4815159-1FB7-40A3-8DC0-7BC6FAA8396D}.Release|Any CPU.Build.0 = Release|Any CPU
		{E4815159-1FB7-40A3-8DC0-7BC6FAA8396D}.Release|x86.ActiveCfg = Release|Any CPU
		{E4815159-1FB7-40A3-8DC0-7BC6FAA8396D}.Release|x86.Build.0 = Release|Any CPU
		{3573D42F-DFA0-48FE-ACBD-305B9922B24C}.Debug|Any CPU.ActiveCfg = Debug|Any CPU
		{3573D42F-DFA0-48FE-ACBD-305B9922B24C}.Debug|x86.ActiveCfg = Debug|Any CPU
		{3573D42F-DFA0-48FE-ACBD-305B9922B24C}.Debug|x86.Build.0 = Debug|Any CPU
		{3573D42F-DFA0-48FE-ACBD-305B9922B24C}.DebugIncludeUnitTest|Any CPU.ActiveCfg = Debug|Any CPU
		{3573D42F-DFA0-48FE-ACBD-305B9922B24C}.DebugIncludeUnitTest|Any CPU.Build.0 = Debug|Any CPU
		{3573D42F-DFA0-48FE-ACBD-305B9922B24C}.DebugIncludeUnitTest|x86.ActiveCfg = Debug|Any CPU
		{3573D42F-DFA0-48FE-ACBD-305B9922B24C}.DebugIncludeUnitTest|x86.Build.0 = Debug|Any CPU
		{3573D42F-DFA0-48FE-ACBD-305B9922B24C}.DebugTwo|Any CPU.ActiveCfg = Debug|Any CPU
		{3573D42F-DFA0-48FE-ACBD-305B9922B24C}.DebugTwo|x86.ActiveCfg = Debug|Any CPU
		{3573D42F-DFA0-48FE-ACBD-305B9922B24C}.DebugTwo|x86.Build.0 = Debug|Any CPU
		{3573D42F-DFA0-48FE-ACBD-305B9922B24C}.FullDebug|Any CPU.ActiveCfg = Debug|Any CPU
		{3573D42F-DFA0-48FE-ACBD-305B9922B24C}.FullDebug|Any CPU.Build.0 = Debug|Any CPU
		{3573D42F-DFA0-48FE-ACBD-305B9922B24C}.FullDebug|x86.ActiveCfg = Debug|Any CPU
		{3573D42F-DFA0-48FE-ACBD-305B9922B24C}.FullDebug|x86.Build.0 = Debug|Any CPU
		{3573D42F-DFA0-48FE-ACBD-305B9922B24C}.Release|Any CPU.ActiveCfg = Release|Any CPU
		{3573D42F-DFA0-48FE-ACBD-305B9922B24C}.Release|Any CPU.Build.0 = Release|Any CPU
		{3573D42F-DFA0-48FE-ACBD-305B9922B24C}.Release|x86.ActiveCfg = Release|Any CPU
		{3573D42F-DFA0-48FE-ACBD-305B9922B24C}.Release|x86.Build.0 = Release|Any CPU
		{F4C62E20-024A-402C-A771-81FEEC710ADA}.Debug|Any CPU.ActiveCfg = Debug|Any CPU
		{F4C62E20-024A-402C-A771-81FEEC710ADA}.Debug|x86.ActiveCfg = Debug|Any CPU
		{F4C62E20-024A-402C-A771-81FEEC710ADA}.Debug|x86.Build.0 = Debug|Any CPU
		{F4C62E20-024A-402C-A771-81FEEC710ADA}.DebugIncludeUnitTest|Any CPU.ActiveCfg = Debug|Any CPU
		{F4C62E20-024A-402C-A771-81FEEC710ADA}.DebugIncludeUnitTest|Any CPU.Build.0 = Debug|Any CPU
		{F4C62E20-024A-402C-A771-81FEEC710ADA}.DebugIncludeUnitTest|x86.ActiveCfg = Debug|Any CPU
		{F4C62E20-024A-402C-A771-81FEEC710ADA}.DebugIncludeUnitTest|x86.Build.0 = Debug|Any CPU
		{F4C62E20-024A-402C-A771-81FEEC710ADA}.DebugTwo|Any CPU.ActiveCfg = Debug|Any CPU
		{F4C62E20-024A-402C-A771-81FEEC710ADA}.DebugTwo|x86.ActiveCfg = Debug|Any CPU
		{F4C62E20-024A-402C-A771-81FEEC710ADA}.DebugTwo|x86.Build.0 = Debug|Any CPU
		{F4C62E20-024A-402C-A771-81FEEC710ADA}.FullDebug|Any CPU.ActiveCfg = Debug|Any CPU
		{F4C62E20-024A-402C-A771-81FEEC710ADA}.FullDebug|Any CPU.Build.0 = Debug|Any CPU
		{F4C62E20-024A-402C-A771-81FEEC710ADA}.FullDebug|x86.ActiveCfg = Debug|Any CPU
		{F4C62E20-024A-402C-A771-81FEEC710ADA}.FullDebug|x86.Build.0 = Debug|Any CPU
		{F4C62E20-024A-402C-A771-81FEEC710ADA}.Release|Any CPU.ActiveCfg = Release|Any CPU
		{F4C62E20-024A-402C-A771-81FEEC710ADA}.Release|Any CPU.Build.0 = Release|Any CPU
		{F4C62E20-024A-402C-A771-81FEEC710ADA}.Release|x86.ActiveCfg = Release|Any CPU
		{F4C62E20-024A-402C-A771-81FEEC710ADA}.Release|x86.Build.0 = Release|Any CPU
		{87E8A519-F5A0-4C76-B839-31B6C8BF26CB}.Debug|Any CPU.ActiveCfg = Debug|Any CPU
		{87E8A519-F5A0-4C76-B839-31B6C8BF26CB}.Debug|x86.ActiveCfg = Debug|Any CPU
		{87E8A519-F5A0-4C76-B839-31B6C8BF26CB}.Debug|x86.Build.0 = Debug|Any CPU
		{87E8A519-F5A0-4C76-B839-31B6C8BF26CB}.DebugIncludeUnitTest|Any CPU.ActiveCfg = Debug|Any CPU
		{87E8A519-F5A0-4C76-B839-31B6C8BF26CB}.DebugIncludeUnitTest|Any CPU.Build.0 = Debug|Any CPU
		{87E8A519-F5A0-4C76-B839-31B6C8BF26CB}.DebugIncludeUnitTest|x86.ActiveCfg = Debug|Any CPU
		{87E8A519-F5A0-4C76-B839-31B6C8BF26CB}.DebugIncludeUnitTest|x86.Build.0 = Debug|Any CPU
		{87E8A519-F5A0-4C76-B839-31B6C8BF26CB}.DebugTwo|Any CPU.ActiveCfg = Debug|Any CPU
		{87E8A519-F5A0-4C76-B839-31B6C8BF26CB}.DebugTwo|x86.ActiveCfg = Debug|Any CPU
		{87E8A519-F5A0-4C76-B839-31B6C8BF26CB}.DebugTwo|x86.Build.0 = Debug|Any CPU
		{87E8A519-F5A0-4C76-B839-31B6C8BF26CB}.FullDebug|Any CPU.ActiveCfg = Debug|Any CPU
		{87E8A519-F5A0-4C76-B839-31B6C8BF26CB}.FullDebug|Any CPU.Build.0 = Debug|Any CPU
		{87E8A519-F5A0-4C76-B839-31B6C8BF26CB}.FullDebug|x86.ActiveCfg = Debug|Any CPU
		{87E8A519-F5A0-4C76-B839-31B6C8BF26CB}.FullDebug|x86.Build.0 = Debug|Any CPU
		{87E8A519-F5A0-4C76-B839-31B6C8BF26CB}.Release|Any CPU.ActiveCfg = Release|Any CPU
		{87E8A519-F5A0-4C76-B839-31B6C8BF26CB}.Release|Any CPU.Build.0 = Release|Any CPU
		{87E8A519-F5A0-4C76-B839-31B6C8BF26CB}.Release|x86.ActiveCfg = Release|Any CPU
		{87E8A519-F5A0-4C76-B839-31B6C8BF26CB}.Release|x86.Build.0 = Release|Any CPU
		{432D0B2F-C474-42F6-8280-221CE8B020E0}.Debug|Any CPU.ActiveCfg = Debug|Any CPU
		{432D0B2F-C474-42F6-8280-221CE8B020E0}.Debug|x86.ActiveCfg = Debug|Any CPU
		{432D0B2F-C474-42F6-8280-221CE8B020E0}.Debug|x86.Build.0 = Debug|Any CPU
		{432D0B2F-C474-42F6-8280-221CE8B020E0}.DebugIncludeUnitTest|Any CPU.ActiveCfg = Debug|Any CPU
		{432D0B2F-C474-42F6-8280-221CE8B020E0}.DebugIncludeUnitTest|Any CPU.Build.0 = Debug|Any CPU
		{432D0B2F-C474-42F6-8280-221CE8B020E0}.DebugIncludeUnitTest|x86.ActiveCfg = Debug|Any CPU
		{432D0B2F-C474-42F6-8280-221CE8B020E0}.DebugIncludeUnitTest|x86.Build.0 = Debug|Any CPU
		{432D0B2F-C474-42F6-8280-221CE8B020E0}.DebugTwo|Any CPU.ActiveCfg = Debug|Any CPU
		{432D0B2F-C474-42F6-8280-221CE8B020E0}.DebugTwo|x86.ActiveCfg = Debug|Any CPU
		{432D0B2F-C474-42F6-8280-221CE8B020E0}.DebugTwo|x86.Build.0 = Debug|Any CPU
		{432D0B2F-C474-42F6-8280-221CE8B020E0}.FullDebug|Any CPU.ActiveCfg = Debug|Any CPU
		{432D0B2F-C474-42F6-8280-221CE8B020E0}.FullDebug|Any CPU.Build.0 = Debug|Any CPU
		{432D0B2F-C474-42F6-8280-221CE8B020E0}.FullDebug|x86.ActiveCfg = Debug|Any CPU
		{432D0B2F-C474-42F6-8280-221CE8B020E0}.FullDebug|x86.Build.0 = Debug|Any CPU
		{432D0B2F-C474-42F6-8280-221CE8B020E0}.Release|Any CPU.ActiveCfg = Release|Any CPU
		{432D0B2F-C474-42F6-8280-221CE8B020E0}.Release|Any CPU.Build.0 = Release|Any CPU
		{432D0B2F-C474-42F6-8280-221CE8B020E0}.Release|x86.ActiveCfg = Release|Any CPU
		{432D0B2F-C474-42F6-8280-221CE8B020E0}.Release|x86.Build.0 = Release|Any CPU
	EndGlobalSection
	GlobalSection(SolutionProperties) = preSolution
		HideSolutionNode = FALSE
	EndGlobalSection
	GlobalSection(NestedProjects) = preSolution
		{EF0EC221-4CC9-47AB-8022-0D89F9F76777} = {789EFB6B-297B-4642-A1BC-CA065E56898A}
		{33F5053A-DD98-4287-97C2-1B8DA1DA1113} = {BC26C25D-5476-4724-A523-995FEF7BE624}
		{DBFB5A5C-D983-4651-A26C-645C61CF1D6B} = {789EFB6B-297B-4642-A1BC-CA065E56898A}
		{9C7F2AF9-7A5A-4E3A-8554-609258710959} = {52E31346-6CF7-4C3C-90F3-E259CF5AC6F7}
		{21150CF0-96D1-45EB-B6B0-71A4BFEB9412} = {514B57BD-2559-4C9F-9184-07E0F620B614}
		{93E360D2-60C4-486E-819D-1A346B2BB66D} = {F9C9FE92-55CC-4FB8-BBDD-328E7DE82AC6}
		{47CA89BA-89EF-4472-B255-CD2C63319A9E} = {35B898DD-6E07-4860-961A-62BDBEFBFF40}
		{C9A2B5EB-C539-4C94-AF0D-DCD6DEA157EF} = {BB752C9E-1E00-4666-90E4-890649DAFF00}
		{1612DAD9-8B30-4151-BCF3-03127783791E} = {BB752C9E-1E00-4666-90E4-890649DAFF00}
		{A0A97AC9-DD4D-4EFD-A813-0C04E84BABBB} = {BB752C9E-1E00-4666-90E4-890649DAFF00}
		{B44B4BAC-ACB0-43F2-B0D0-E6AB06A51A2D} = {BB752C9E-1E00-4666-90E4-890649DAFF00}
		{86A023D9-F0EF-4B33-A1BF-B06AC3CF2502} = {BB752C9E-1E00-4666-90E4-890649DAFF00}
		{9F6942D6-240C-4C82-9926-FE7EA4A69BC4} = {35B898DD-6E07-4860-961A-62BDBEFBFF40}
		{27799267-2C3B-4C32-9511-1EDEEC495688} = {52E31346-6CF7-4C3C-90F3-E259CF5AC6F7}
		{E644BE94-263B-4F65-A8E9-FB0C2CE8199D} = {52E31346-6CF7-4C3C-90F3-E259CF5AC6F7}
		{164C3441-76E3-4920-AFF6-ADEC0E26DCDB} = {B89C4F82-4EE4-46B3-8ADC-575148480053}
		{68511CA9-E527-43D2-AF57-2838CF389040} = {514B57BD-2559-4C9F-9184-07E0F620B614}
		{B0B4C4B3-0C91-4A97-A14C-41AED07B9726} = {F9C9FE92-55CC-4FB8-BBDD-328E7DE82AC6}
		{41ADBD6E-6E36-4D02-982B-3EB52C331313} = {4F3A4B41-FF98-4133-B1B9-9A5C397F1C1A}
		{4AC4987E-D629-4FAF-B954-701F86FA74B9} = {0A5A42B1-8546-48C5-BE3D-005AC07BD104}
		{EC7A703B-7C32-4BAC-8016-83D89A7DF5E1} = {514B57BD-2559-4C9F-9184-07E0F620B614}
		{CE9452FA-D90F-48B5-B77E-8541D73FEABA} = {514B57BD-2559-4C9F-9184-07E0F620B614}
		{5A20C468-FFF8-4108-9D71-44767C9F72F0} = {789EFB6B-297B-4642-A1BC-CA065E56898A}
		{0A5A42B1-8546-48C5-BE3D-005AC07BD104} = {8F73A0DF-D87C-4390-9FED-EC5A49AA1AB7}
		{789EFB6B-297B-4642-A1BC-CA065E56898A} = {8F73A0DF-D87C-4390-9FED-EC5A49AA1AB7}
		{514B57BD-2559-4C9F-9184-07E0F620B614} = {8F73A0DF-D87C-4390-9FED-EC5A49AA1AB7}
		{52E31346-6CF7-4C3C-90F3-E259CF5AC6F7} = {87546E0C-DA36-43C9-A64D-5E950980CDCF}
		{F9C9FE92-55CC-4FB8-BBDD-328E7DE82AC6} = {87546E0C-DA36-43C9-A64D-5E950980CDCF}
		{35B898DD-6E07-4860-961A-62BDBEFBFF40} = {87546E0C-DA36-43C9-A64D-5E950980CDCF}
		{B89C4F82-4EE4-46B3-8ADC-575148480053} = {87546E0C-DA36-43C9-A64D-5E950980CDCF}
		{BC26C25D-5476-4724-A523-995FEF7BE624} = {8F73A0DF-D87C-4390-9FED-EC5A49AA1AB7}
		{6C55AC65-75D6-4850-971A-2CDF7626DD80} = {BB752C9E-1E00-4666-90E4-890649DAFF00}
		{2EEFBB1E-F19D-4135-B6F5-BD1ACECF1C7B} = {B89C4F82-4EE4-46B3-8ADC-575148480053}
		{E4815159-1FB7-40A3-8DC0-7BC6FAA8396D} = {B89C4F82-4EE4-46B3-8ADC-575148480053}
		{3573D42F-DFA0-48FE-ACBD-305B9922B24C} = {52E31346-6CF7-4C3C-90F3-E259CF5AC6F7}
		{F4C62E20-024A-402C-A771-81FEEC710ADA} = {B89C4F82-4EE4-46B3-8ADC-575148480053}
		{87E8A519-F5A0-4C76-B839-31B6C8BF26CB} = {B89C4F82-4EE4-46B3-8ADC-575148480053}
		{432D0B2F-C474-42F6-8280-221CE8B020E0} = {35B898DD-6E07-4860-961A-62BDBEFBFF40}
	EndGlobalSection
	GlobalSection(ExtensibilityGlobals) = postSolution
		SolutionGuid = {E55584AC-7B50-41D1-B7E2-3B7FF62FFD14}
	EndGlobalSection
EndGlobal
