
Microsoft Visual Studio Solution File, Format Version 12.00
# Visual Studio 15
VisualStudioVersion = 15.0.27130.2027
MinimumVisualStudioVersion = 10.0.40219.1
Project("{9A19103F-16F7-4668-BE54-9A1E7A4F7556}") = "BotWalletWatcher", "BotWalletWatcher\BotWalletWatcher.csproj", "{C0499D6E-8817-439F-860D-2D973A0943C5}"
EndProject
Project("{9A19103F-16F7-4668-BE54-9A1E7A4F7556}") = "BotWalletModel", "BotWalletModel\BotWalletModel.csproj", "{164C3441-76E3-4920-AFF6-ADEC0E26DCDB}"
EndProject
Project("{9A19103F-16F7-4668-BE54-9A1E7A4F7556}") = "BitcoinLib", "BitcoinLib\BitcoinLib.csproj", "{B8487241-3C1A-4BB1-A855-7A0F903D4E9D}"
EndProject
Project("{9A19103F-16F7-4668-BE54-9A1E7A4F7556}") = "Info.Blockchain.API", "Info.Blockchain.API\Info.Blockchain.API.csproj", "{E80B79F4-7639-4594-AC66-8D175056AEFB}"
EndProject
Project("{9A19103F-16F7-4668-BE54-9A1E7A4F7556}") = "BlockCypher", "BlockCypherLib\BlockCypher.csproj", "{4B06EB0D-46A1-4D62-A812-09010F7A001C}"
EndProject
Project("{9A19103F-16F7-4668-BE54-9A1E7A4F7556}") = "FrozenYoghurt", "FrozenYoghurt\FrozenYoghurt.csproj", "{13EBDF72-EC3A-4395-8C36-5D2049B28CDE}"
EndProject
Project("{9A19103F-16F7-4668-BE54-9A1E7A4F7556}") = "ConsoleSignalWatcherLogListener", "ConsoleSignalWatcherLogListener\ConsoleSignalWatcherLogListener.csproj", "{2DD6D979-34E6-4813-AA55-457BEF39D113}"
EndProject
Project("{9A19103F-16F7-4668-BE54-9A1E7A4F7556}") = "ConsoleSendBtc", "ConsoleSendBtc\ConsoleSendBtc.csproj", "{E85E6485-7156-488C-A15E-E1C76714B5E3}"
EndProject
Project("{9A19103F-16F7-4668-BE54-9A1E7A4F7556}") = "PulseLogic", "PulseLogic\PulseLogic.csproj", "{068FE9A2-5D69-4FC7-B99F-8C3DA9CFE3DF}"
EndProject
Project("{9A19103F-16F7-4668-BE54-9A1E7A4F7556}") = "ConsolePulseListenerLog", "ConsolePulseListenerLog\ConsolePulseListenerLog.csproj", "{95E6C84C-6ABC-4A60-B8F8-C20CD1E1E096}"
EndProject
Project("{9A19103F-16F7-4668-BE54-9A1E7A4F7556}") = "BotWalletWatcherReceive", "BotWalletWatcherReceive\BotWalletWatcherReceive.csproj", "{02F04AFE-DE87-41D6-85D3-505B6CB7E5B7}"
EndProject
Project("{9A19103F-16F7-4668-BE54-9A1E7A4F7556}") = "BotWalletWatcherTwoLibrary", "BotWalletWatcherTwoLibrary\BotWalletWatcherTwoLibrary.csproj", "{6AE5828B-CA80-463D-B4CC-6B77B1D22D5F}"
EndProject
Project("{9A19103F-16F7-4668-BE54-9A1E7A4F7556}") = "ConsoleServiceBus", "ConsoleServiceBus\ConsoleServiceBus.csproj", "{48A85874-C949-41B0-9701-38B53834AF7E}"
EndProject
Project("{9A19103F-16F7-4668-BE54-9A1E7A4F7556}") = "CommonInterface", "CommonInterface\CommonInterface.csproj", "{D8D530BC-174A-497C-AE25-CB4DEFF096DA}"
EndProject
Project("{9A19103F-16F7-4668-BE54-9A1E7A4F7556}") = "BitcoinAdaptor", "BitcoinAdaptor\BitcoinAdaptor.csproj", "{0812E0DC-490C-4BBA-8A93-9ABC310BF3D2}"
EndProject
Project("{2150E333-8FDC-42A3-9474-1A3956D46DE8}") = "Library", "Library", "{873B9426-87D9-4440-BC27-A3A6695FE343}"
EndProject
Project("{2150E333-8FDC-42A3-9474-1A3956D46DE8}") = "Bots", "Bots", "{045EA05C-5CA8-4470-8655-34975CD2FC66}"
EndProject
Project("{2150E333-8FDC-42A3-9474-1A3956D46DE8}") = "Main", "Main", "{16D400F1-A28D-48CC-A738-1E5FC7D78CEE}"
EndProject
Global
	GlobalSection(SolutionConfigurationPlatforms) = preSolution
		Debug|Any CPU = Debug|Any CPU
		Debug|x86 = Debug|x86
		DebugIncludeUnitTest|Any CPU = DebugIncludeUnitTest|Any CPU
		DebugIncludeUnitTest|x86 = DebugIncludeUnitTest|x86
		FullDebug|Any CPU = FullDebug|Any CPU
		FullDebug|x86 = FullDebug|x86
		Release|Any CPU = Release|Any CPU
		Release|x86 = Release|x86
	EndGlobalSection
	GlobalSection(ProjectConfigurationPlatforms) = postSolution
		{C0499D6E-8817-439F-860D-2D973A0943C5}.Debug|Any CPU.ActiveCfg = Debug|Any CPU
		{C0499D6E-8817-439F-860D-2D973A0943C5}.Debug|Any CPU.Build.0 = Debug|Any CPU
		{C0499D6E-8817-439F-860D-2D973A0943C5}.Debug|x86.ActiveCfg = Debug|Any CPU
		{C0499D6E-8817-439F-860D-2D973A0943C5}.Debug|x86.Build.0 = Debug|Any CPU
		{C0499D6E-8817-439F-860D-2D973A0943C5}.DebugIncludeUnitTest|Any CPU.ActiveCfg = Debug|Any CPU
		{C0499D6E-8817-439F-860D-2D973A0943C5}.DebugIncludeUnitTest|Any CPU.Build.0 = Debug|Any CPU
		{C0499D6E-8817-439F-860D-2D973A0943C5}.DebugIncludeUnitTest|x86.ActiveCfg = Debug|Any CPU
		{C0499D6E-8817-439F-860D-2D973A0943C5}.DebugIncludeUnitTest|x86.Build.0 = Debug|Any CPU
		{C0499D6E-8817-439F-860D-2D973A0943C5}.FullDebug|Any CPU.ActiveCfg = Debug|Any CPU
		{C0499D6E-8817-439F-860D-2D973A0943C5}.FullDebug|Any CPU.Build.0 = Debug|Any CPU
		{C0499D6E-8817-439F-860D-2D973A0943C5}.FullDebug|x86.ActiveCfg = Debug|Any CPU
		{C0499D6E-8817-439F-860D-2D973A0943C5}.FullDebug|x86.Build.0 = Debug|Any CPU
		{C0499D6E-8817-439F-860D-2D973A0943C5}.Release|Any CPU.ActiveCfg = Release|Any CPU
		{C0499D6E-8817-439F-860D-2D973A0943C5}.Release|Any CPU.Build.0 = Release|Any CPU
		{C0499D6E-8817-439F-860D-2D973A0943C5}.Release|x86.ActiveCfg = Release|Any CPU
		{C0499D6E-8817-439F-860D-2D973A0943C5}.Release|x86.Build.0 = Release|Any CPU
		{164C3441-76E3-4920-AFF6-ADEC0E26DCDB}.Debug|Any CPU.ActiveCfg = Debug|Any CPU
		{164C3441-76E3-4920-AFF6-ADEC0E26DCDB}.Debug|Any CPU.Build.0 = Debug|Any CPU
		{164C3441-76E3-4920-AFF6-ADEC0E26DCDB}.Debug|x86.ActiveCfg = Debug|Any CPU
		{164C3441-76E3-4920-AFF6-ADEC0E26DCDB}.Debug|x86.Build.0 = Debug|Any CPU
		{164C3441-76E3-4920-AFF6-ADEC0E26DCDB}.DebugIncludeUnitTest|Any CPU.ActiveCfg = Debug|Any CPU
		{164C3441-76E3-4920-AFF6-ADEC0E26DCDB}.DebugIncludeUnitTest|Any CPU.Build.0 = Debug|Any CPU
		{164C3441-76E3-4920-AFF6-ADEC0E26DCDB}.DebugIncludeUnitTest|x86.ActiveCfg = Debug|Any CPU
		{164C3441-76E3-4920-AFF6-ADEC0E26DCDB}.DebugIncludeUnitTest|x86.Build.0 = Debug|Any CPU
		{164C3441-76E3-4920-AFF6-ADEC0E26DCDB}.FullDebug|Any CPU.ActiveCfg = Debug|Any CPU
		{164C3441-76E3-4920-AFF6-ADEC0E26DCDB}.FullDebug|Any CPU.Build.0 = Debug|Any CPU
		{164C3441-76E3-4920-AFF6-ADEC0E26DCDB}.FullDebug|x86.ActiveCfg = Debug|Any CPU
		{164C3441-76E3-4920-AFF6-ADEC0E26DCDB}.FullDebug|x86.Build.0 = Debug|Any CPU
		{164C3441-76E3-4920-AFF6-ADEC0E26DCDB}.Release|Any CPU.ActiveCfg = Release|Any CPU
		{164C3441-76E3-4920-AFF6-ADEC0E26DCDB}.Release|Any CPU.Build.0 = Release|Any CPU
		{164C3441-76E3-4920-AFF6-ADEC0E26DCDB}.Release|x86.ActiveCfg = Release|Any CPU
		{164C3441-76E3-4920-AFF6-ADEC0E26DCDB}.Release|x86.Build.0 = Release|Any CPU
		{B8487241-3C1A-4BB1-A855-7A0F903D4E9D}.Debug|Any CPU.ActiveCfg = Debug|Any CPU
		{B8487241-3C1A-4BB1-A855-7A0F903D4E9D}.Debug|Any CPU.Build.0 = Debug|Any CPU
		{B8487241-3C1A-4BB1-A855-7A0F903D4E9D}.Debug|x86.ActiveCfg = Debug|Any CPU
		{B8487241-3C1A-4BB1-A855-7A0F903D4E9D}.Debug|x86.Build.0 = Debug|Any CPU
		{B8487241-3C1A-4BB1-A855-7A0F903D4E9D}.DebugIncludeUnitTest|Any CPU.ActiveCfg = Debug|Any CPU
		{B8487241-3C1A-4BB1-A855-7A0F903D4E9D}.DebugIncludeUnitTest|Any CPU.Build.0 = Debug|Any CPU
		{B8487241-3C1A-4BB1-A855-7A0F903D4E9D}.DebugIncludeUnitTest|x86.ActiveCfg = Debug|Any CPU
		{B8487241-3C1A-4BB1-A855-7A0F903D4E9D}.DebugIncludeUnitTest|x86.Build.0 = Debug|Any CPU
		{B8487241-3C1A-4BB1-A855-7A0F903D4E9D}.FullDebug|Any CPU.ActiveCfg = Debug|Any CPU
		{B8487241-3C1A-4BB1-A855-7A0F903D4E9D}.FullDebug|Any CPU.Build.0 = Debug|Any CPU
		{B8487241-3C1A-4BB1-A855-7A0F903D4E9D}.FullDebug|x86.ActiveCfg = Debug|Any CPU
		{B8487241-3C1A-4BB1-A855-7A0F903D4E9D}.FullDebug|x86.Build.0 = Debug|Any CPU
		{B8487241-3C1A-4BB1-A855-7A0F903D4E9D}.Release|Any CPU.ActiveCfg = Release|Any CPU
		{B8487241-3C1A-4BB1-A855-7A0F903D4E9D}.Release|Any CPU.Build.0 = Release|Any CPU
		{B8487241-3C1A-4BB1-A855-7A0F903D4E9D}.Release|x86.ActiveCfg = Release|Any CPU
		{B8487241-3C1A-4BB1-A855-7A0F903D4E9D}.Release|x86.Build.0 = Release|Any CPU
		{E80B79F4-7639-4594-AC66-8D175056AEFB}.Debug|Any CPU.ActiveCfg = Debug|Any CPU
		{E80B79F4-7639-4594-AC66-8D175056AEFB}.Debug|Any CPU.Build.0 = Debug|Any CPU
		{E80B79F4-7639-4594-AC66-8D175056AEFB}.Debug|x86.ActiveCfg = Debug|x86
		{E80B79F4-7639-4594-AC66-8D175056AEFB}.Debug|x86.Build.0 = Debug|x86
		{E80B79F4-7639-4594-AC66-8D175056AEFB}.DebugIncludeUnitTest|Any CPU.ActiveCfg = Debug|Any CPU
		{E80B79F4-7639-4594-AC66-8D175056AEFB}.DebugIncludeUnitTest|Any CPU.Build.0 = Debug|Any CPU
		{E80B79F4-7639-4594-AC66-8D175056AEFB}.DebugIncludeUnitTest|x86.ActiveCfg = Debug|x86
		{E80B79F4-7639-4594-AC66-8D175056AEFB}.DebugIncludeUnitTest|x86.Build.0 = Debug|x86
		{E80B79F4-7639-4594-AC66-8D175056AEFB}.FullDebug|Any CPU.ActiveCfg = Debug|Any CPU
		{E80B79F4-7639-4594-AC66-8D175056AEFB}.FullDebug|Any CPU.Build.0 = Debug|Any CPU
		{E80B79F4-7639-4594-AC66-8D175056AEFB}.FullDebug|x86.ActiveCfg = Debug|x86
		{E80B79F4-7639-4594-AC66-8D175056AEFB}.FullDebug|x86.Build.0 = Debug|x86
		{E80B79F4-7639-4594-AC66-8D175056AEFB}.Release|Any CPU.ActiveCfg = Release|Any CPU
		{E80B79F4-7639-4594-AC66-8D175056AEFB}.Release|Any CPU.Build.0 = Release|Any CPU
		{E80B79F4-7639-4594-AC66-8D175056AEFB}.Release|x86.ActiveCfg = Release|x86
		{E80B79F4-7639-4594-AC66-8D175056AEFB}.Release|x86.Build.0 = Release|x86
		{4B06EB0D-46A1-4D62-A812-09010F7A001C}.Debug|Any CPU.ActiveCfg = Debug|Any CPU
		{4B06EB0D-46A1-4D62-A812-09010F7A001C}.Debug|Any CPU.Build.0 = Debug|Any CPU
		{4B06EB0D-46A1-4D62-A812-09010F7A001C}.Debug|x86.ActiveCfg = Debug|Any CPU
		{4B06EB0D-46A1-4D62-A812-09010F7A001C}.Debug|x86.Build.0 = Debug|Any CPU
		{4B06EB0D-46A1-4D62-A812-09010F7A001C}.DebugIncludeUnitTest|Any CPU.ActiveCfg = Debug|Any CPU
		{4B06EB0D-46A1-4D62-A812-09010F7A001C}.DebugIncludeUnitTest|Any CPU.Build.0 = Debug|Any CPU
		{4B06EB0D-46A1-4D62-A812-09010F7A001C}.DebugIncludeUnitTest|x86.ActiveCfg = Debug|Any CPU
		{4B06EB0D-46A1-4D62-A812-09010F7A001C}.DebugIncludeUnitTest|x86.Build.0 = Debug|Any CPU
		{4B06EB0D-46A1-4D62-A812-09010F7A001C}.FullDebug|Any CPU.ActiveCfg = Debug|Any CPU
		{4B06EB0D-46A1-4D62-A812-09010F7A001C}.FullDebug|Any CPU.Build.0 = Debug|Any CPU
		{4B06EB0D-46A1-4D62-A812-09010F7A001C}.FullDebug|x86.ActiveCfg = Debug|Any CPU
		{4B06EB0D-46A1-4D62-A812-09010F7A001C}.FullDebug|x86.Build.0 = Debug|Any CPU
		{4B06EB0D-46A1-4D62-A812-09010F7A001C}.Release|Any CPU.ActiveCfg = Release|Any CPU
		{4B06EB0D-46A1-4D62-A812-09010F7A001C}.Release|Any CPU.Build.0 = Release|Any CPU
		{4B06EB0D-46A1-4D62-A812-09010F7A001C}.Release|x86.ActiveCfg = Release|Any CPU
		{4B06EB0D-46A1-4D62-A812-09010F7A001C}.Release|x86.Build.0 = Release|Any CPU
		{13EBDF72-EC3A-4395-8C36-5D2049B28CDE}.Debug|Any CPU.ActiveCfg = Debug|Any CPU
		{13EBDF72-EC3A-4395-8C36-5D2049B28CDE}.Debug|Any CPU.Build.0 = Debug|Any CPU
		{13EBDF72-EC3A-4395-8C36-5D2049B28CDE}.Debug|x86.ActiveCfg = Debug|Any CPU
		{13EBDF72-EC3A-4395-8C36-5D2049B28CDE}.Debug|x86.Build.0 = Debug|Any CPU
		{13EBDF72-EC3A-4395-8C36-5D2049B28CDE}.DebugIncludeUnitTest|Any CPU.ActiveCfg = Debug|Any CPU
		{13EBDF72-EC3A-4395-8C36-5D2049B28CDE}.DebugIncludeUnitTest|Any CPU.Build.0 = Debug|Any CPU
		{13EBDF72-EC3A-4395-8C36-5D2049B28CDE}.DebugIncludeUnitTest|x86.ActiveCfg = Debug|Any CPU
		{13EBDF72-EC3A-4395-8C36-5D2049B28CDE}.DebugIncludeUnitTest|x86.Build.0 = Debug|Any CPU
		{13EBDF72-EC3A-4395-8C36-5D2049B28CDE}.FullDebug|Any CPU.ActiveCfg = Debug|Any CPU
		{13EBDF72-EC3A-4395-8C36-5D2049B28CDE}.FullDebug|Any CPU.Build.0 = Debug|Any CPU
		{13EBDF72-EC3A-4395-8C36-5D2049B28CDE}.FullDebug|x86.ActiveCfg = Debug|Any CPU
		{13EBDF72-EC3A-4395-8C36-5D2049B28CDE}.FullDebug|x86.Build.0 = Debug|Any CPU
		{13EBDF72-EC3A-4395-8C36-5D2049B28CDE}.Release|Any CPU.ActiveCfg = Release|Any CPU
		{13EBDF72-EC3A-4395-8C36-5D2049B28CDE}.Release|Any CPU.Build.0 = Release|Any CPU
		{13EBDF72-EC3A-4395-8C36-5D2049B28CDE}.Release|x86.ActiveCfg = Release|Any CPU
		{13EBDF72-EC3A-4395-8C36-5D2049B28CDE}.Release|x86.Build.0 = Release|Any CPU
		{2DD6D979-34E6-4813-AA55-457BEF39D113}.Debug|Any CPU.ActiveCfg = Debug|Any CPU
		{2DD6D979-34E6-4813-AA55-457BEF39D113}.Debug|Any CPU.Build.0 = Debug|Any CPU
		{2DD6D979-34E6-4813-AA55-457BEF39D113}.Debug|x86.ActiveCfg = Debug|Any CPU
		{2DD6D979-34E6-4813-AA55-457BEF39D113}.Debug|x86.Build.0 = Debug|Any CPU
		{2DD6D979-34E6-4813-AA55-457BEF39D113}.DebugIncludeUnitTest|Any CPU.ActiveCfg = Debug|Any CPU
		{2DD6D979-34E6-4813-AA55-457BEF39D113}.DebugIncludeUnitTest|Any CPU.Build.0 = Debug|Any CPU
		{2DD6D979-34E6-4813-AA55-457BEF39D113}.DebugIncludeUnitTest|x86.ActiveCfg = Debug|Any CPU
		{2DD6D979-34E6-4813-AA55-457BEF39D113}.DebugIncludeUnitTest|x86.Build.0 = Debug|Any CPU
		{2DD6D979-34E6-4813-AA55-457BEF39D113}.FullDebug|Any CPU.ActiveCfg = Debug|Any CPU
		{2DD6D979-34E6-4813-AA55-457BEF39D113}.FullDebug|Any CPU.Build.0 = Debug|Any CPU
		{2DD6D979-34E6-4813-AA55-457BEF39D113}.FullDebug|x86.ActiveCfg = Debug|Any CPU
		{2DD6D979-34E6-4813-AA55-457BEF39D113}.FullDebug|x86.Build.0 = Debug|Any CPU
		{2DD6D979-34E6-4813-AA55-457BEF39D113}.Release|Any CPU.ActiveCfg = Release|Any CPU
		{2DD6D979-34E6-4813-AA55-457BEF39D113}.Release|Any CPU.Build.0 = Release|Any CPU
		{2DD6D979-34E6-4813-AA55-457BEF39D113}.Release|x86.ActiveCfg = Release|Any CPU
		{2DD6D979-34E6-4813-AA55-457BEF39D113}.Release|x86.Build.0 = Release|Any CPU
		{E85E6485-7156-488C-A15E-E1C76714B5E3}.Debug|Any CPU.ActiveCfg = Debug|Any CPU
		{E85E6485-7156-488C-A15E-E1C76714B5E3}.Debug|Any CPU.Build.0 = Debug|Any CPU
		{E85E6485-7156-488C-A15E-E1C76714B5E3}.Debug|x86.ActiveCfg = Debug|Any CPU
		{E85E6485-7156-488C-A15E-E1C76714B5E3}.Debug|x86.Build.0 = Debug|Any CPU
		{E85E6485-7156-488C-A15E-E1C76714B5E3}.DebugIncludeUnitTest|Any CPU.ActiveCfg = Debug|Any CPU
		{E85E6485-7156-488C-A15E-E1C76714B5E3}.DebugIncludeUnitTest|Any CPU.Build.0 = Debug|Any CPU
		{E85E6485-7156-488C-A15E-E1C76714B5E3}.DebugIncludeUnitTest|x86.ActiveCfg = Debug|Any CPU
		{E85E6485-7156-488C-A15E-E1C76714B5E3}.DebugIncludeUnitTest|x86.Build.0 = Debug|Any CPU
		{E85E6485-7156-488C-A15E-E1C76714B5E3}.FullDebug|Any CPU.ActiveCfg = Debug|Any CPU
		{E85E6485-7156-488C-A15E-E1C76714B5E3}.FullDebug|Any CPU.Build.0 = Debug|Any CPU
		{E85E6485-7156-488C-A15E-E1C76714B5E3}.FullDebug|x86.ActiveCfg = Debug|Any CPU
		{E85E6485-7156-488C-A15E-E1C76714B5E3}.FullDebug|x86.Build.0 = Debug|Any CPU
		{E85E6485-7156-488C-A15E-E1C76714B5E3}.Release|Any CPU.ActiveCfg = Release|Any CPU
		{E85E6485-7156-488C-A15E-E1C76714B5E3}.Release|Any CPU.Build.0 = Release|Any CPU
		{E85E6485-7156-488C-A15E-E1C76714B5E3}.Release|x86.ActiveCfg = Release|Any CPU
		{E85E6485-7156-488C-A15E-E1C76714B5E3}.Release|x86.Build.0 = Release|Any CPU
		{068FE9A2-5D69-4FC7-B99F-8C3DA9CFE3DF}.Debug|Any CPU.ActiveCfg = Debug|Any CPU
		{068FE9A2-5D69-4FC7-B99F-8C3DA9CFE3DF}.Debug|Any CPU.Build.0 = Debug|Any CPU
		{068FE9A2-5D69-4FC7-B99F-8C3DA9CFE3DF}.Debug|x86.ActiveCfg = Debug|Any CPU
		{068FE9A2-5D69-4FC7-B99F-8C3DA9CFE3DF}.Debug|x86.Build.0 = Debug|Any CPU
		{068FE9A2-5D69-4FC7-B99F-8C3DA9CFE3DF}.DebugIncludeUnitTest|Any CPU.ActiveCfg = Debug|Any CPU
		{068FE9A2-5D69-4FC7-B99F-8C3DA9CFE3DF}.DebugIncludeUnitTest|Any CPU.Build.0 = Debug|Any CPU
		{068FE9A2-5D69-4FC7-B99F-8C3DA9CFE3DF}.DebugIncludeUnitTest|x86.ActiveCfg = Debug|Any CPU
		{068FE9A2-5D69-4FC7-B99F-8C3DA9CFE3DF}.DebugIncludeUnitTest|x86.Build.0 = Debug|Any CPU
		{068FE9A2-5D69-4FC7-B99F-8C3DA9CFE3DF}.FullDebug|Any CPU.ActiveCfg = Debug|Any CPU
		{068FE9A2-5D69-4FC7-B99F-8C3DA9CFE3DF}.FullDebug|Any CPU.Build.0 = Debug|Any CPU
		{068FE9A2-5D69-4FC7-B99F-8C3DA9CFE3DF}.FullDebug|x86.ActiveCfg = Debug|Any CPU
		{068FE9A2-5D69-4FC7-B99F-8C3DA9CFE3DF}.FullDebug|x86.Build.0 = Debug|Any CPU
		{068FE9A2-5D69-4FC7-B99F-8C3DA9CFE3DF}.Release|Any CPU.ActiveCfg = Release|Any CPU
		{068FE9A2-5D69-4FC7-B99F-8C3DA9CFE3DF}.Release|Any CPU.Build.0 = Release|Any CPU
		{068FE9A2-5D69-4FC7-B99F-8C3DA9CFE3DF}.Release|x86.ActiveCfg = Release|Any CPU
		{068FE9A2-5D69-4FC7-B99F-8C3DA9CFE3DF}.Release|x86.Build.0 = Release|Any CPU
		{95E6C84C-6ABC-4A60-B8F8-C20CD1E1E096}.Debug|Any CPU.ActiveCfg = Debug|Any CPU
		{95E6C84C-6ABC-4A60-B8F8-C20CD1E1E096}.Debug|Any CPU.Build.0 = Debug|Any CPU
		{95E6C84C-6ABC-4A60-B8F8-C20CD1E1E096}.Debug|x86.ActiveCfg = Debug|Any CPU
		{95E6C84C-6ABC-4A60-B8F8-C20CD1E1E096}.Debug|x86.Build.0 = Debug|Any CPU
		{95E6C84C-6ABC-4A60-B8F8-C20CD1E1E096}.DebugIncludeUnitTest|Any CPU.ActiveCfg = Debug|Any CPU
		{95E6C84C-6ABC-4A60-B8F8-C20CD1E1E096}.DebugIncludeUnitTest|Any CPU.Build.0 = Debug|Any CPU
		{95E6C84C-6ABC-4A60-B8F8-C20CD1E1E096}.DebugIncludeUnitTest|x86.ActiveCfg = Debug|Any CPU
		{95E6C84C-6ABC-4A60-B8F8-C20CD1E1E096}.DebugIncludeUnitTest|x86.Build.0 = Debug|Any CPU
		{95E6C84C-6ABC-4A60-B8F8-C20CD1E1E096}.FullDebug|Any CPU.ActiveCfg = Debug|Any CPU
		{95E6C84C-6ABC-4A60-B8F8-C20CD1E1E096}.FullDebug|Any CPU.Build.0 = Debug|Any CPU
		{95E6C84C-6ABC-4A60-B8F8-C20CD1E1E096}.FullDebug|x86.ActiveCfg = Debug|Any CPU
		{95E6C84C-6ABC-4A60-B8F8-C20CD1E1E096}.FullDebug|x86.Build.0 = Debug|Any CPU
		{95E6C84C-6ABC-4A60-B8F8-C20CD1E1E096}.Release|Any CPU.ActiveCfg = Release|Any CPU
		{95E6C84C-6ABC-4A60-B8F8-C20CD1E1E096}.Release|Any CPU.Build.0 = Release|Any CPU
		{95E6C84C-6ABC-4A60-B8F8-C20CD1E1E096}.Release|x86.ActiveCfg = Release|Any CPU
		{95E6C84C-6ABC-4A60-B8F8-C20CD1E1E096}.Release|x86.Build.0 = Release|Any CPU
		{02F04AFE-DE87-41D6-85D3-505B6CB7E5B7}.Debug|Any CPU.ActiveCfg = Debug|Any CPU
		{02F04AFE-DE87-41D6-85D3-505B6CB7E5B7}.Debug|Any CPU.Build.0 = Debug|Any CPU
		{02F04AFE-DE87-41D6-85D3-505B6CB7E5B7}.Debug|x86.ActiveCfg = Debug|Any CPU
		{02F04AFE-DE87-41D6-85D3-505B6CB7E5B7}.Debug|x86.Build.0 = Debug|Any CPU
		{02F04AFE-DE87-41D6-85D3-505B6CB7E5B7}.DebugIncludeUnitTest|Any CPU.ActiveCfg = Debug|Any CPU
		{02F04AFE-DE87-41D6-85D3-505B6CB7E5B7}.DebugIncludeUnitTest|Any CPU.Build.0 = Debug|Any CPU
		{02F04AFE-DE87-41D6-85D3-505B6CB7E5B7}.DebugIncludeUnitTest|x86.ActiveCfg = Debug|Any CPU
		{02F04AFE-DE87-41D6-85D3-505B6CB7E5B7}.DebugIncludeUnitTest|x86.Build.0 = Debug|Any CPU
		{02F04AFE-DE87-41D6-85D3-505B6CB7E5B7}.FullDebug|Any CPU.ActiveCfg = Debug|Any CPU
		{02F04AFE-DE87-41D6-85D3-505B6CB7E5B7}.FullDebug|Any CPU.Build.0 = Debug|Any CPU
		{02F04AFE-DE87-41D6-85D3-505B6CB7E5B7}.FullDebug|x86.ActiveCfg = Debug|Any CPU
		{02F04AFE-DE87-41D6-85D3-505B6CB7E5B7}.FullDebug|x86.Build.0 = Debug|Any CPU
		{02F04AFE-DE87-41D6-85D3-505B6CB7E5B7}.Release|Any CPU.ActiveCfg = Release|Any CPU
		{02F04AFE-DE87-41D6-85D3-505B6CB7E5B7}.Release|Any CPU.Build.0 = Release|Any CPU
		{02F04AFE-DE87-41D6-85D3-505B6CB7E5B7}.Release|x86.ActiveCfg = Release|Any CPU
		{02F04AFE-DE87-41D6-85D3-505B6CB7E5B7}.Release|x86.Build.0 = Release|Any CPU
		{6AE5828B-CA80-463D-B4CC-6B77B1D22D5F}.Debug|Any CPU.ActiveCfg = Debug|Any CPU
		{6AE5828B-CA80-463D-B4CC-6B77B1D22D5F}.Debug|Any CPU.Build.0 = Debug|Any CPU
		{6AE5828B-CA80-463D-B4CC-6B77B1D22D5F}.Debug|x86.ActiveCfg = Debug|Any CPU
		{6AE5828B-CA80-463D-B4CC-6B77B1D22D5F}.Debug|x86.Build.0 = Debug|Any CPU
		{6AE5828B-CA80-463D-B4CC-6B77B1D22D5F}.DebugIncludeUnitTest|Any CPU.ActiveCfg = Debug|Any CPU
		{6AE5828B-CA80-463D-B4CC-6B77B1D22D5F}.DebugIncludeUnitTest|Any CPU.Build.0 = Debug|Any CPU
		{6AE5828B-CA80-463D-B4CC-6B77B1D22D5F}.DebugIncludeUnitTest|x86.ActiveCfg = Debug|Any CPU
		{6AE5828B-CA80-463D-B4CC-6B77B1D22D5F}.DebugIncludeUnitTest|x86.Build.0 = Debug|Any CPU
		{6AE5828B-CA80-463D-B4CC-6B77B1D22D5F}.FullDebug|Any CPU.ActiveCfg = Debug|Any CPU
		{6AE5828B-CA80-463D-B4CC-6B77B1D22D5F}.FullDebug|Any CPU.Build.0 = Debug|Any CPU
		{6AE5828B-CA80-463D-B4CC-6B77B1D22D5F}.FullDebug|x86.ActiveCfg = Debug|Any CPU
		{6AE5828B-CA80-463D-B4CC-6B77B1D22D5F}.FullDebug|x86.Build.0 = Debug|Any CPU
		{6AE5828B-CA80-463D-B4CC-6B77B1D22D5F}.Release|Any CPU.ActiveCfg = Release|Any CPU
		{6AE5828B-CA80-463D-B4CC-6B77B1D22D5F}.Release|Any CPU.Build.0 = Release|Any CPU
		{6AE5828B-CA80-463D-B4CC-6B77B1D22D5F}.Release|x86.ActiveCfg = Release|Any CPU
		{6AE5828B-CA80-463D-B4CC-6B77B1D22D5F}.Release|x86.Build.0 = Release|Any CPU
		{48A85874-C949-41B0-9701-38B53834AF7E}.Debug|Any CPU.ActiveCfg = Debug|Any CPU
		{48A85874-C949-41B0-9701-38B53834AF7E}.Debug|Any CPU.Build.0 = Debug|Any CPU
		{48A85874-C949-41B0-9701-38B53834AF7E}.Debug|x86.ActiveCfg = Debug|Any CPU
		{48A85874-C949-41B0-9701-38B53834AF7E}.Debug|x86.Build.0 = Debug|Any CPU
		{48A85874-C949-41B0-9701-38B53834AF7E}.DebugIncludeUnitTest|Any CPU.ActiveCfg = Debug|Any CPU
		{48A85874-C949-41B0-9701-38B53834AF7E}.DebugIncludeUnitTest|Any CPU.Build.0 = Debug|Any CPU
		{48A85874-C949-41B0-9701-38B53834AF7E}.DebugIncludeUnitTest|x86.ActiveCfg = Debug|Any CPU
		{48A85874-C949-41B0-9701-38B53834AF7E}.DebugIncludeUnitTest|x86.Build.0 = Debug|Any CPU
		{48A85874-C949-41B0-9701-38B53834AF7E}.FullDebug|Any CPU.ActiveCfg = Debug|Any CPU
		{48A85874-C949-41B0-9701-38B53834AF7E}.FullDebug|Any CPU.Build.0 = Debug|Any CPU
		{48A85874-C949-41B0-9701-38B53834AF7E}.FullDebug|x86.ActiveCfg = Debug|Any CPU
		{48A85874-C949-41B0-9701-38B53834AF7E}.FullDebug|x86.Build.0 = Debug|Any CPU
		{48A85874-C949-41B0-9701-38B53834AF7E}.Release|Any CPU.ActiveCfg = Release|Any CPU
		{48A85874-C949-41B0-9701-38B53834AF7E}.Release|Any CPU.Build.0 = Release|Any CPU
		{48A85874-C949-41B0-9701-38B53834AF7E}.Release|x86.ActiveCfg = Release|Any CPU
		{48A85874-C949-41B0-9701-38B53834AF7E}.Release|x86.Build.0 = Release|Any CPU
		{D8D530BC-174A-497C-AE25-CB4DEFF096DA}.Debug|Any CPU.ActiveCfg = Debug|Any CPU
		{D8D530BC-174A-497C-AE25-CB4DEFF096DA}.Debug|Any CPU.Build.0 = Debug|Any CPU
		{D8D530BC-174A-497C-AE25-CB4DEFF096DA}.Debug|x86.ActiveCfg = Debug|Any CPU
		{D8D530BC-174A-497C-AE25-CB4DEFF096DA}.Debug|x86.Build.0 = Debug|Any CPU
		{D8D530BC-174A-497C-AE25-CB4DEFF096DA}.DebugIncludeUnitTest|Any CPU.ActiveCfg = Debug|Any CPU
		{D8D530BC-174A-497C-AE25-CB4DEFF096DA}.DebugIncludeUnitTest|Any CPU.Build.0 = Debug|Any CPU
		{D8D530BC-174A-497C-AE25-CB4DEFF096DA}.DebugIncludeUnitTest|x86.ActiveCfg = Debug|Any CPU
		{D8D530BC-174A-497C-AE25-CB4DEFF096DA}.DebugIncludeUnitTest|x86.Build.0 = Debug|Any CPU
		{D8D530BC-174A-497C-AE25-CB4DEFF096DA}.FullDebug|Any CPU.ActiveCfg = Debug|Any CPU
		{D8D530BC-174A-497C-AE25-CB4DEFF096DA}.FullDebug|Any CPU.Build.0 = Debug|Any CPU
		{D8D530BC-174A-497C-AE25-CB4DEFF096DA}.FullDebug|x86.ActiveCfg = Debug|Any CPU
		{D8D530BC-174A-497C-AE25-CB4DEFF096DA}.FullDebug|x86.Build.0 = Debug|Any CPU
		{D8D530BC-174A-497C-AE25-CB4DEFF096DA}.Release|Any CPU.ActiveCfg = Release|Any CPU
		{D8D530BC-174A-497C-AE25-CB4DEFF096DA}.Release|Any CPU.Build.0 = Release|Any CPU
		{D8D530BC-174A-497C-AE25-CB4DEFF096DA}.Release|x86.ActiveCfg = Release|Any CPU
		{D8D530BC-174A-497C-AE25-CB4DEFF096DA}.Release|x86.Build.0 = Release|Any CPU
		{0812E0DC-490C-4BBA-8A93-9ABC310BF3D2}.Debug|Any CPU.ActiveCfg = Debug|Any CPU
		{0812E0DC-490C-4BBA-8A93-9ABC310BF3D2}.Debug|Any CPU.Build.0 = Debug|Any CPU
		{0812E0DC-490C-4BBA-8A93-9ABC310BF3D2}.Debug|x86.ActiveCfg = Debug|Any CPU
		{0812E0DC-490C-4BBA-8A93-9ABC310BF3D2}.Debug|x86.Build.0 = Debug|Any CPU
		{0812E0DC-490C-4BBA-8A93-9ABC310BF3D2}.DebugIncludeUnitTest|Any CPU.ActiveCfg = Debug|Any CPU
		{0812E0DC-490C-4BBA-8A93-9ABC310BF3D2}.DebugIncludeUnitTest|Any CPU.Build.0 = Debug|Any CPU
		{0812E0DC-490C-4BBA-8A93-9ABC310BF3D2}.DebugIncludeUnitTest|x86.ActiveCfg = Debug|Any CPU
		{0812E0DC-490C-4BBA-8A93-9ABC310BF3D2}.DebugIncludeUnitTest|x86.Build.0 = Debug|Any CPU
		{0812E0DC-490C-4BBA-8A93-9ABC310BF3D2}.FullDebug|Any CPU.ActiveCfg = Debug|Any CPU
		{0812E0DC-490C-4BBA-8A93-9ABC310BF3D2}.FullDebug|Any CPU.Build.0 = Debug|Any CPU
		{0812E0DC-490C-4BBA-8A93-9ABC310BF3D2}.FullDebug|x86.ActiveCfg = Debug|Any CPU
		{0812E0DC-490C-4BBA-8A93-9ABC310BF3D2}.FullDebug|x86.Build.0 = Debug|Any CPU
		{0812E0DC-490C-4BBA-8A93-9ABC310BF3D2}.Release|Any CPU.ActiveCfg = Release|Any CPU
		{0812E0DC-490C-4BBA-8A93-9ABC310BF3D2}.Release|Any CPU.Build.0 = Release|Any CPU
		{0812E0DC-490C-4BBA-8A93-9ABC310BF3D2}.Release|x86.ActiveCfg = Release|Any CPU
		{0812E0DC-490C-4BBA-8A93-9ABC310BF3D2}.Release|x86.Build.0 = Release|Any CPU
	EndGlobalSection
	GlobalSection(SolutionProperties) = preSolution
		HideSolutionNode = FALSE
	EndGlobalSection
	GlobalSection(NestedProjects) = preSolution
		{C0499D6E-8817-439F-860D-2D973A0943C5} = {045EA05C-5CA8-4470-8655-34975CD2FC66}
		{164C3441-76E3-4920-AFF6-ADEC0E26DCDB} = {045EA05C-5CA8-4470-8655-34975CD2FC66}
		{B8487241-3C1A-4BB1-A855-7A0F903D4E9D} = {16D400F1-A28D-48CC-A738-1E5FC7D78CEE}
		{E80B79F4-7639-4594-AC66-8D175056AEFB} = {873B9426-87D9-4440-BC27-A3A6695FE343}
		{4B06EB0D-46A1-4D62-A812-09010F7A001C} = {873B9426-87D9-4440-BC27-A3A6695FE343}
		{13EBDF72-EC3A-4395-8C36-5D2049B28CDE} = {16D400F1-A28D-48CC-A738-1E5FC7D78CEE}
		{2DD6D979-34E6-4813-AA55-457BEF39D113} = {045EA05C-5CA8-4470-8655-34975CD2FC66}
		{E85E6485-7156-488C-A15E-E1C76714B5E3} = {045EA05C-5CA8-4470-8655-34975CD2FC66}
		{068FE9A2-5D69-4FC7-B99F-8C3DA9CFE3DF} = {16D400F1-A28D-48CC-A738-1E5FC7D78CEE}
		{95E6C84C-6ABC-4A60-B8F8-C20CD1E1E096} = {045EA05C-5CA8-4470-8655-34975CD2FC66}
		{02F04AFE-DE87-41D6-85D3-505B6CB7E5B7} = {045EA05C-5CA8-4470-8655-34975CD2FC66}
		{6AE5828B-CA80-463D-B4CC-6B77B1D22D5F} = {045EA05C-5CA8-4470-8655-34975CD2FC66}
		{48A85874-C949-41B0-9701-38B53834AF7E} = {045EA05C-5CA8-4470-8655-34975CD2FC66}
		{D8D530BC-174A-497C-AE25-CB4DEFF096DA} = {16D400F1-A28D-48CC-A738-1E5FC7D78CEE}
		{0812E0DC-490C-4BBA-8A93-9ABC310BF3D2} = {16D400F1-A28D-48CC-A738-1E5FC7D78CEE}
	EndGlobalSection
	GlobalSection(ExtensibilityGlobals) = postSolution
		SolutionGuid = {E55584AC-7B50-41D1-B7E2-3B7FF62FFD14}
	EndGlobalSection
EndGlobal
