
Microsoft Visual Studio Solution File, Format Version 12.00
# Visual Studio Version 16
VisualStudioVersion = 16.0.28407.52
MinimumVisualStudioVersion = 10.0.40219.1
Project("{9A19103F-16F7-4668-BE54-9A1E7A4F7556}") = "FrozenYoghurt", "FrozenYoghurt\FrozenYoghurt.csproj", "{9C7F2AF9-7A5A-4E3A-8554-609258710959}"
EndProject
Project("{9A19103F-16F7-4668-BE54-9A1E7A4F7556}") = "RepositoryLibrary", "RepositoryLibrary\RepositoryLibrary.csproj", "{21150CF0-96D1-45EB-B6B0-71A4BFEB9412}"
EndProject
Project("{9A19103F-16F7-4668-BE54-9A1E7A4F7556}") = "Info.Blockchain.API", "Info.Blockchain.API\Info.Blockchain.API.csproj", "{27799267-2C3B-4C32-9511-1EDEEC495688}"
EndProject
Project("{9A19103F-16F7-4668-BE54-9A1E7A4F7556}") = "BitcoinLib", "BitcoinLib\BitcoinLib.csproj", "{E644BE94-263B-4F65-A8E9-FB0C2CE8199D}"
EndProject
Project("{9A19103F-16F7-4668-BE54-9A1E7A4F7556}") = "BotWalletModel", "BotWalletModel\BotWalletModel.csproj", "{164C3441-76E3-4920-AFF6-ADEC0E26DCDB}"
EndProject
Project("{9A19103F-16F7-4668-BE54-9A1E7A4F7556}") = "PulseLogic", "PulseLogic\PulseLogic.csproj", "{68511CA9-E527-43D2-AF57-2838CF389040}"
EndProject
Project("{9A19103F-16F7-4668-BE54-9A1E7A4F7556}") = "OrderTransactionLib", "OrderTransactionLib\OrderTransactionLib.csproj", "{41ADBD6E-6E36-4D02-982B-3EB52C331313}"
EndProject
Project("{9A19103F-16F7-4668-BE54-9A1E7A4F7556}") = "CommonInterface", "CommonInterface\CommonInterface.csproj", "{4AC4987E-D629-4FAF-B954-701F86FA74B9}"
EndProject
Project("{9A19103F-16F7-4668-BE54-9A1E7A4F7556}") = "BitcoinAdaptor", "BitcoinAdaptor\BitcoinAdaptor.csproj", "{EC7A703B-7C32-4BAC-8016-83D89A7DF5E1}"
EndProject
Project("{9A19103F-16F7-4668-BE54-9A1E7A4F7556}") = "BtcInternalService", "BtcInternalService\BtcInternalService.csproj", "{CE9452FA-D90F-48B5-B77E-8541D73FEABA}"
EndProject
Project("{2150E333-8FDC-42A3-9474-1A3956D46DE8}") = "Common", "Common", "{0A5A42B1-8546-48C5-BE3D-005AC07BD104}"
EndProject
Project("{2150E333-8FDC-42A3-9474-1A3956D46DE8}") = "Core", "Core", "{789EFB6B-297B-4642-A1BC-CA065E56898A}"
EndProject
Project("{2150E333-8FDC-42A3-9474-1A3956D46DE8}") = "Infrastucture", "Infrastucture", "{514B57BD-2559-4C9F-9184-07E0F620B614}"
EndProject
Project("{2150E333-8FDC-42A3-9474-1A3956D46DE8}") = "Library", "Library", "{52E31346-6CF7-4C3C-90F3-E259CF5AC6F7}"
EndProject
Project("{2150E333-8FDC-42A3-9474-1A3956D46DE8}") = "Module", "Module", "{4F3A4B41-FF98-4133-B1B9-9A5C397F1C1A}"
EndProject
Project("{2150E333-8FDC-42A3-9474-1A3956D46DE8}") = "ServerBot", "ServerBot", "{B89C4F82-4EE4-46B3-8ADC-575148480053}"
EndProject
Project("{2150E333-8FDC-42A3-9474-1A3956D46DE8}") = "Main", "Main", "{8F73A0DF-D87C-4390-9FED-EC5A49AA1AB7}"
EndProject
Project("{2150E333-8FDC-42A3-9474-1A3956D46DE8}") = "Artifacts", "Artifacts", "{87546E0C-DA36-43C9-A64D-5E950980CDCF}"
EndProject
Project("{9A19103F-16F7-4668-BE54-9A1E7A4F7556}") = "BotWalletWatcherVerTwoReceive", "BotWalletWatcherVerTwoReceive\BotWalletWatcherVerTwoReceive.csproj", "{2EEFBB1E-F19D-4135-B6F5-BD1ACECF1C7B}"
EndProject
Project("{9A19103F-16F7-4668-BE54-9A1E7A4F7556}") = "BotWalletWatcherVerTwoSend", "BotWalletWatcherVerTwoSend\BotWalletWatcherVerTwoSend.csproj", "{E4815159-1FB7-40A3-8DC0-7BC6FAA8396D}"
EndProject
Project("{9A19103F-16F7-4668-BE54-9A1E7A4F7556}") = "BotWalletWatcherThreeLibrary", "BotWalletWatcherThreeLibrary\BotWalletWatcherThreeLibrary.csproj", "{3DB00537-9322-46DE-87EA-E7D920482131}"
EndProject
Project("{9A19103F-16F7-4668-BE54-9A1E7A4F7556}") = "LogModule", "LogModule\LogModule.csproj", "{3573D42F-DFA0-48FE-ACBD-305B9922B24C}"
EndProject
Project("{9A19103F-16F7-4668-BE54-9A1E7A4F7556}") = "ConsoleSendBtc", "ConsoleSendBtc\ConsoleSendBtc.csproj", "{F4C62E20-024A-402C-A771-81FEEC710ADA}"
EndProject
Project("{9A19103F-16F7-4668-BE54-9A1E7A4F7556}") = "LogicLibrary", "LogicLibrary\LogicLibrary.csproj", "{00DA376B-B5BA-4FFC-B00F-8889D0411AF2}"
EndProject
Project("{9A19103F-16F7-4668-BE54-9A1E7A4F7556}") = "DomainLibrary", "DomainLibrary\DomainLibrary.csproj", "{AC6C6ED0-AD44-4CD3-AF32-A3A5FBEA6EAF}"
EndProject
Global
	GlobalSection(SolutionConfigurationPlatforms) = preSolution
		Debug|Any CPU = Debug|Any CPU
		Debug|x86 = Debug|x86
		DebugIncludeUnitTest|Any CPU = DebugIncludeUnitTest|Any CPU
		DebugIncludeUnitTest|x86 = DebugIncludeUnitTest|x86
		DebugTwo|Any CPU = DebugTwo|Any CPU
		DebugTwo|x86 = DebugTwo|x86
		FullDebug|Any CPU = FullDebug|Any CPU
		FullDebug|x86 = FullDebug|x86
		Release|Any CPU = Release|Any CPU
		Release|x86 = Release|x86
	EndGlobalSection
	GlobalSection(ProjectConfigurationPlatforms) = postSolution
		{9C7F2AF9-7A5A-4E3A-8554-609258710959}.Debug|Any CPU.ActiveCfg = Debug|Any CPU
		{9C7F2AF9-7A5A-4E3A-8554-609258710959}.Debug|x86.ActiveCfg = Debug|Any CPU
		{9C7F2AF9-7A5A-4E3A-8554-609258710959}.Debug|x86.Build.0 = Debug|Any CPU
		{9C7F2AF9-7A5A-4E3A-8554-609258710959}.DebugIncludeUnitTest|Any CPU.ActiveCfg = Debug|Any CPU
		{9C7F2AF9-7A5A-4E3A-8554-609258710959}.DebugIncludeUnitTest|x86.ActiveCfg = Debug|Any CPU
		{9C7F2AF9-7A5A-4E3A-8554-609258710959}.DebugIncludeUnitTest|x86.Build.0 = Debug|Any CPU
		{9C7F2AF9-7A5A-4E3A-8554-609258710959}.DebugTwo|Any CPU.ActiveCfg = Debug|Any CPU
		{9C7F2AF9-7A5A-4E3A-8554-609258710959}.DebugTwo|x86.ActiveCfg = Debug|Any CPU
		{9C7F2AF9-7A5A-4E3A-8554-609258710959}.DebugTwo|x86.Build.0 = Debug|Any CPU
		{9C7F2AF9-7A5A-4E3A-8554-609258710959}.FullDebug|Any CPU.ActiveCfg = Debug|Any CPU
		{9C7F2AF9-7A5A-4E3A-8554-609258710959}.FullDebug|Any CPU.Build.0 = Debug|Any CPU
		{9C7F2AF9-7A5A-4E3A-8554-609258710959}.FullDebug|x86.ActiveCfg = Debug|Any CPU
		{9C7F2AF9-7A5A-4E3A-8554-609258710959}.FullDebug|x86.Build.0 = Debug|Any CPU
		{9C7F2AF9-7A5A-4E3A-8554-609258710959}.Release|Any CPU.ActiveCfg = Release|Any CPU
		{9C7F2AF9-7A5A-4E3A-8554-609258710959}.Release|Any CPU.Build.0 = Release|Any CPU
		{9C7F2AF9-7A5A-4E3A-8554-609258710959}.Release|x86.ActiveCfg = Release|Any CPU
		{9C7F2AF9-7A5A-4E3A-8554-609258710959}.Release|x86.Build.0 = Release|Any CPU
		{21150CF0-96D1-45EB-B6B0-71A4BFEB9412}.Debug|Any CPU.ActiveCfg = Debug|Any CPU
		{21150CF0-96D1-45EB-B6B0-71A4BFEB9412}.Debug|x86.ActiveCfg = Debug|Any CPU
		{21150CF0-96D1-45EB-B6B0-71A4BFEB9412}.Debug|x86.Build.0 = Debug|Any CPU
		{21150CF0-96D1-45EB-B6B0-71A4BFEB9412}.DebugIncludeUnitTest|Any CPU.ActiveCfg = Debug|Any CPU
		{21150CF0-96D1-45EB-B6B0-71A4BFEB9412}.DebugIncludeUnitTest|x86.ActiveCfg = Debug|Any CPU
		{21150CF0-96D1-45EB-B6B0-71A4BFEB9412}.DebugIncludeUnitTest|x86.Build.0 = Debug|Any CPU
		{21150CF0-96D1-45EB-B6B0-71A4BFEB9412}.DebugTwo|Any CPU.ActiveCfg = Debug|Any CPU
		{21150CF0-96D1-45EB-B6B0-71A4BFEB9412}.DebugTwo|x86.ActiveCfg = Debug|Any CPU
		{21150CF0-96D1-45EB-B6B0-71A4BFEB9412}.DebugTwo|x86.Build.0 = Debug|Any CPU
		{21150CF0-96D1-45EB-B6B0-71A4BFEB9412}.FullDebug|Any CPU.ActiveCfg = Debug|Any CPU
		{21150CF0-96D1-45EB-B6B0-71A4BFEB9412}.FullDebug|Any CPU.Build.0 = Debug|Any CPU
		{21150CF0-96D1-45EB-B6B0-71A4BFEB9412}.FullDebug|x86.ActiveCfg = Debug|Any CPU
		{21150CF0-96D1-45EB-B6B0-71A4BFEB9412}.FullDebug|x86.Build.0 = Debug|Any CPU
		{21150CF0-96D1-45EB-B6B0-71A4BFEB9412}.Release|Any CPU.ActiveCfg = Release|Any CPU
		{21150CF0-96D1-45EB-B6B0-71A4BFEB9412}.Release|Any CPU.Build.0 = Release|Any CPU
		{21150CF0-96D1-45EB-B6B0-71A4BFEB9412}.Release|x86.ActiveCfg = Release|Any CPU
		{21150CF0-96D1-45EB-B6B0-71A4BFEB9412}.Release|x86.Build.0 = Release|Any CPU
		{27799267-2C3B-4C32-9511-1EDEEC495688}.Debug|Any CPU.ActiveCfg = Debug|Any CPU
		{27799267-2C3B-4C32-9511-1EDEEC495688}.Debug|x86.ActiveCfg = Debug|Any CPU
		{27799267-2C3B-4C32-9511-1EDEEC495688}.Debug|x86.Build.0 = Debug|Any CPU
		{27799267-2C3B-4C32-9511-1EDEEC495688}.DebugIncludeUnitTest|Any CPU.ActiveCfg = Debug|Any CPU
		{27799267-2C3B-4C32-9511-1EDEEC495688}.DebugIncludeUnitTest|Any CPU.Build.0 = Debug|Any CPU
		{27799267-2C3B-4C32-9511-1EDEEC495688}.DebugIncludeUnitTest|x86.ActiveCfg = Debug|Any CPU
		{27799267-2C3B-4C32-9511-1EDEEC495688}.DebugIncludeUnitTest|x86.Build.0 = Debug|Any CPU
		{27799267-2C3B-4C32-9511-1EDEEC495688}.DebugTwo|Any CPU.ActiveCfg = Debug|Any CPU
		{27799267-2C3B-4C32-9511-1EDEEC495688}.DebugTwo|Any CPU.Build.0 = Debug|Any CPU
		{27799267-2C3B-4C32-9511-1EDEEC495688}.DebugTwo|x86.ActiveCfg = Debug|Any CPU
		{27799267-2C3B-4C32-9511-1EDEEC495688}.DebugTwo|x86.Build.0 = Debug|Any CPU
		{27799267-2C3B-4C32-9511-1EDEEC495688}.FullDebug|Any CPU.ActiveCfg = Debug|Any CPU
		{27799267-2C3B-4C32-9511-1EDEEC495688}.FullDebug|Any CPU.Build.0 = Debug|Any CPU
		{27799267-2C3B-4C32-9511-1EDEEC495688}.FullDebug|x86.ActiveCfg = Debug|Any CPU
		{27799267-2C3B-4C32-9511-1EDEEC495688}.FullDebug|x86.Build.0 = Debug|Any CPU
		{27799267-2C3B-4C32-9511-1EDEEC495688}.Release|Any CPU.ActiveCfg = Release|Any CPU
		{27799267-2C3B-4C32-9511-1EDEEC495688}.Release|Any CPU.Build.0 = Release|Any CPU
		{27799267-2C3B-4C32-9511-1EDEEC495688}.Release|x86.ActiveCfg = Release|Any CPU
		{27799267-2C3B-4C32-9511-1EDEEC495688}.Release|x86.Build.0 = Release|Any CPU
		{E644BE94-263B-4F65-A8E9-FB0C2CE8199D}.Debug|Any CPU.ActiveCfg = Debug|Any CPU
		{E644BE94-263B-4F65-A8E9-FB0C2CE8199D}.Debug|x86.ActiveCfg = Debug|Any CPU
		{E644BE94-263B-4F65-A8E9-FB0C2CE8199D}.Debug|x86.Build.0 = Debug|Any CPU
		{E644BE94-263B-4F65-A8E9-FB0C2CE8199D}.DebugIncludeUnitTest|Any CPU.ActiveCfg = Debug|Any CPU
		{E644BE94-263B-4F65-A8E9-FB0C2CE8199D}.DebugIncludeUnitTest|Any CPU.Build.0 = Debug|Any CPU
		{E644BE94-263B-4F65-A8E9-FB0C2CE8199D}.DebugIncludeUnitTest|x86.ActiveCfg = Debug|Any CPU
		{E644BE94-263B-4F65-A8E9-FB0C2CE8199D}.DebugIncludeUnitTest|x86.Build.0 = Debug|Any CPU
		{E644BE94-263B-4F65-A8E9-FB0C2CE8199D}.DebugTwo|Any CPU.ActiveCfg = Debug|Any CPU
		{E644BE94-263B-4F65-A8E9-FB0C2CE8199D}.DebugTwo|Any CPU.Build.0 = Debug|Any CPU
		{E644BE94-263B-4F65-A8E9-FB0C2CE8199D}.DebugTwo|x86.ActiveCfg = Debug|Any CPU
		{E644BE94-263B-4F65-A8E9-FB0C2CE8199D}.DebugTwo|x86.Build.0 = Debug|Any CPU
		{E644BE94-263B-4F65-A8E9-FB0C2CE8199D}.FullDebug|Any CPU.ActiveCfg = Debug|Any CPU
		{E644BE94-263B-4F65-A8E9-FB0C2CE8199D}.FullDebug|Any CPU.Build.0 = Debug|Any CPU
		{E644BE94-263B-4F65-A8E9-FB0C2CE8199D}.FullDebug|x86.ActiveCfg = Debug|Any CPU
		{E644BE94-263B-4F65-A8E9-FB0C2CE8199D}.FullDebug|x86.Build.0 = Debug|Any CPU
		{E644BE94-263B-4F65-A8E9-FB0C2CE8199D}.Release|Any CPU.ActiveCfg = Release|Any CPU
		{E644BE94-263B-4F65-A8E9-FB0C2CE8199D}.Release|Any CPU.Build.0 = Release|Any CPU
		{E644BE94-263B-4F65-A8E9-FB0C2CE8199D}.Release|x86.ActiveCfg = Release|Any CPU
		{E644BE94-263B-4F65-A8E9-FB0C2CE8199D}.Release|x86.Build.0 = Release|Any CPU
		{164C3441-76E3-4920-AFF6-ADEC0E26DCDB}.Debug|Any CPU.ActiveCfg = Debug|Any CPU
		{164C3441-76E3-4920-AFF6-ADEC0E26DCDB}.Debug|x86.ActiveCfg = Debug|Any CPU
		{164C3441-76E3-4920-AFF6-ADEC0E26DCDB}.Debug|x86.Build.0 = Debug|Any CPU
		{164C3441-76E3-4920-AFF6-ADEC0E26DCDB}.DebugIncludeUnitTest|Any CPU.ActiveCfg = Debug|Any CPU
		{164C3441-76E3-4920-AFF6-ADEC0E26DCDB}.DebugIncludeUnitTest|Any CPU.Build.0 = Debug|Any CPU
		{164C3441-76E3-4920-AFF6-ADEC0E26DCDB}.DebugIncludeUnitTest|x86.ActiveCfg = Debug|Any CPU
		{164C3441-76E3-4920-AFF6-ADEC0E26DCDB}.DebugIncludeUnitTest|x86.Build.0 = Debug|Any CPU
		{164C3441-76E3-4920-AFF6-ADEC0E26DCDB}.DebugTwo|Any CPU.ActiveCfg = Debug|Any CPU
		{164C3441-76E3-4920-AFF6-ADEC0E26DCDB}.DebugTwo|Any CPU.Build.0 = Debug|Any CPU
		{164C3441-76E3-4920-AFF6-ADEC0E26DCDB}.DebugTwo|x86.ActiveCfg = Debug|Any CPU
		{164C3441-76E3-4920-AFF6-ADEC0E26DCDB}.DebugTwo|x86.Build.0 = Debug|Any CPU
		{164C3441-76E3-4920-AFF6-ADEC0E26DCDB}.FullDebug|Any CPU.ActiveCfg = Debug|Any CPU
		{164C3441-76E3-4920-AFF6-ADEC0E26DCDB}.FullDebug|Any CPU.Build.0 = Debug|Any CPU
		{164C3441-76E3-4920-AFF6-ADEC0E26DCDB}.FullDebug|x86.ActiveCfg = Debug|Any CPU
		{164C3441-76E3-4920-AFF6-ADEC0E26DCDB}.FullDebug|x86.Build.0 = Debug|Any CPU
		{164C3441-76E3-4920-AFF6-ADEC0E26DCDB}.Release|Any CPU.ActiveCfg = Release|Any CPU
		{164C3441-76E3-4920-AFF6-ADEC0E26DCDB}.Release|Any CPU.Build.0 = Release|Any CPU
		{164C3441-76E3-4920-AFF6-ADEC0E26DCDB}.Release|x86.ActiveCfg = Release|Any CPU
		{164C3441-76E3-4920-AFF6-ADEC0E26DCDB}.Release|x86.Build.0 = Release|Any CPU
		{68511CA9-E527-43D2-AF57-2838CF389040}.Debug|Any CPU.ActiveCfg = Debug|Any CPU
		{68511CA9-E527-43D2-AF57-2838CF389040}.Debug|x86.ActiveCfg = Debug|Any CPU
		{68511CA9-E527-43D2-AF57-2838CF389040}.Debug|x86.Build.0 = Debug|Any CPU
		{68511CA9-E527-43D2-AF57-2838CF389040}.DebugIncludeUnitTest|Any CPU.ActiveCfg = Debug|Any CPU
		{68511CA9-E527-43D2-AF57-2838CF389040}.DebugIncludeUnitTest|Any CPU.Build.0 = Debug|Any CPU
		{68511CA9-E527-43D2-AF57-2838CF389040}.DebugIncludeUnitTest|x86.ActiveCfg = Debug|Any CPU
		{68511CA9-E527-43D2-AF57-2838CF389040}.DebugIncludeUnitTest|x86.Build.0 = Debug|Any CPU
		{68511CA9-E527-43D2-AF57-2838CF389040}.DebugTwo|Any CPU.ActiveCfg = Debug|Any CPU
		{68511CA9-E527-43D2-AF57-2838CF389040}.DebugTwo|Any CPU.Build.0 = Debug|Any CPU
		{68511CA9-E527-43D2-AF57-2838CF389040}.DebugTwo|x86.ActiveCfg = Debug|Any CPU
		{68511CA9-E527-43D2-AF57-2838CF389040}.DebugTwo|x86.Build.0 = Debug|Any CPU
		{68511CA9-E527-43D2-AF57-2838CF389040}.FullDebug|Any CPU.ActiveCfg = Debug|Any CPU
		{68511CA9-E527-43D2-AF57-2838CF389040}.FullDebug|Any CPU.Build.0 = Debug|Any CPU
		{68511CA9-E527-43D2-AF57-2838CF389040}.FullDebug|x86.ActiveCfg = Debug|Any CPU
		{68511CA9-E527-43D2-AF57-2838CF389040}.FullDebug|x86.Build.0 = Debug|Any CPU
		{68511CA9-E527-43D2-AF57-2838CF389040}.Release|Any CPU.ActiveCfg = Release|Any CPU
		{68511CA9-E527-43D2-AF57-2838CF389040}.Release|Any CPU.Build.0 = Release|Any CPU
		{68511CA9-E527-43D2-AF57-2838CF389040}.Release|x86.ActiveCfg = Release|Any CPU
		{68511CA9-E527-43D2-AF57-2838CF389040}.Release|x86.Build.0 = Release|Any CPU
		{41ADBD6E-6E36-4D02-982B-3EB52C331313}.Debug|Any CPU.ActiveCfg = Debug|Any CPU
		{41ADBD6E-6E36-4D02-982B-3EB52C331313}.Debug|Any CPU.Build.0 = Debug|Any CPU
		{41ADBD6E-6E36-4D02-982B-3EB52C331313}.Debug|x86.ActiveCfg = Debug|Any CPU
		{41ADBD6E-6E36-4D02-982B-3EB52C331313}.Debug|x86.Build.0 = Debug|Any CPU
		{41ADBD6E-6E36-4D02-982B-3EB52C331313}.DebugIncludeUnitTest|Any CPU.ActiveCfg = Debug|Any CPU
		{41ADBD6E-6E36-4D02-982B-3EB52C331313}.DebugIncludeUnitTest|Any CPU.Build.0 = Debug|Any CPU
		{41ADBD6E-6E36-4D02-982B-3EB52C331313}.DebugIncludeUnitTest|x86.ActiveCfg = Debug|Any CPU
		{41ADBD6E-6E36-4D02-982B-3EB52C331313}.DebugIncludeUnitTest|x86.Build.0 = Debug|Any CPU
		{41ADBD6E-6E36-4D02-982B-3EB52C331313}.DebugTwo|Any CPU.ActiveCfg = Debug|Any CPU
		{41ADBD6E-6E36-4D02-982B-3EB52C331313}.DebugTwo|x86.ActiveCfg = Debug|Any CPU
		{41ADBD6E-6E36-4D02-982B-3EB52C331313}.DebugTwo|x86.Build.0 = Debug|Any CPU
		{41ADBD6E-6E36-4D02-982B-3EB52C331313}.FullDebug|Any CPU.ActiveCfg = Debug|Any CPU
		{41ADBD6E-6E36-4D02-982B-3EB52C331313}.FullDebug|Any CPU.Build.0 = Debug|Any CPU
		{41ADBD6E-6E36-4D02-982B-3EB52C331313}.FullDebug|x86.ActiveCfg = Debug|Any CPU
		{41ADBD6E-6E36-4D02-982B-3EB52C331313}.FullDebug|x86.Build.0 = Debug|Any CPU
		{41ADBD6E-6E36-4D02-982B-3EB52C331313}.Release|Any CPU.ActiveCfg = Release|Any CPU
		{41ADBD6E-6E36-4D02-982B-3EB52C331313}.Release|Any CPU.Build.0 = Release|Any CPU
		{41ADBD6E-6E36-4D02-982B-3EB52C331313}.Release|x86.ActiveCfg = Release|Any CPU
		{41ADBD6E-6E36-4D02-982B-3EB52C331313}.Release|x86.Build.0 = Release|Any CPU
		{4AC4987E-D629-4FAF-B954-701F86FA74B9}.Debug|Any CPU.ActiveCfg = Debug|Any CPU
		{4AC4987E-D629-4FAF-B954-701F86FA74B9}.Debug|x86.ActiveCfg = Debug|Any CPU
		{4AC4987E-D629-4FAF-B954-701F86FA74B9}.Debug|x86.Build.0 = Debug|Any CPU
		{4AC4987E-D629-4FAF-B954-701F86FA74B9}.DebugIncludeUnitTest|Any CPU.ActiveCfg = Debug|Any CPU
		{4AC4987E-D629-4FAF-B954-701F86FA74B9}.DebugIncludeUnitTest|Any CPU.Build.0 = Debug|Any CPU
		{4AC4987E-D629-4FAF-B954-701F86FA74B9}.DebugIncludeUnitTest|x86.ActiveCfg = Debug|Any CPU
		{4AC4987E-D629-4FAF-B954-701F86FA74B9}.DebugIncludeUnitTest|x86.Build.0 = Debug|Any CPU
		{4AC4987E-D629-4FAF-B954-701F86FA74B9}.DebugTwo|Any CPU.ActiveCfg = Debug|Any CPU
		{4AC4987E-D629-4FAF-B954-701F86FA74B9}.DebugTwo|x86.ActiveCfg = Debug|Any CPU
		{4AC4987E-D629-4FAF-B954-701F86FA74B9}.DebugTwo|x86.Build.0 = Debug|Any CPU
		{4AC4987E-D629-4FAF-B954-701F86FA74B9}.FullDebug|Any CPU.ActiveCfg = Debug|Any CPU
		{4AC4987E-D629-4FAF-B954-701F86FA74B9}.FullDebug|Any CPU.Build.0 = Debug|Any CPU
		{4AC4987E-D629-4FAF-B954-701F86FA74B9}.FullDebug|x86.ActiveCfg = Debug|Any CPU
		{4AC4987E-D629-4FAF-B954-701F86FA74B9}.FullDebug|x86.Build.0 = Debug|Any CPU
		{4AC4987E-D629-4FAF-B954-701F86FA74B9}.Release|Any CPU.ActiveCfg = Release|Any CPU
		{4AC4987E-D629-4FAF-B954-701F86FA74B9}.Release|Any CPU.Build.0 = Release|Any CPU
		{4AC4987E-D629-4FAF-B954-701F86FA74B9}.Release|x86.ActiveCfg = Release|Any CPU
		{4AC4987E-D629-4FAF-B954-701F86FA74B9}.Release|x86.Build.0 = Release|Any CPU
		{EC7A703B-7C32-4BAC-8016-83D89A7DF5E1}.Debug|Any CPU.ActiveCfg = Debug|Any CPU
		{EC7A703B-7C32-4BAC-8016-83D89A7DF5E1}.Debug|x86.ActiveCfg = Debug|Any CPU
		{EC7A703B-7C32-4BAC-8016-83D89A7DF5E1}.Debug|x86.Build.0 = Debug|Any CPU
		{EC7A703B-7C32-4BAC-8016-83D89A7DF5E1}.DebugIncludeUnitTest|Any CPU.ActiveCfg = Debug|Any CPU
		{EC7A703B-7C32-4BAC-8016-83D89A7DF5E1}.DebugIncludeUnitTest|Any CPU.Build.0 = Debug|Any CPU
		{EC7A703B-7C32-4BAC-8016-83D89A7DF5E1}.DebugIncludeUnitTest|x86.ActiveCfg = Debug|Any CPU
		{EC7A703B-7C32-4BAC-8016-83D89A7DF5E1}.DebugIncludeUnitTest|x86.Build.0 = Debug|Any CPU
		{EC7A703B-7C32-4BAC-8016-83D89A7DF5E1}.DebugTwo|Any CPU.ActiveCfg = Debug|Any CPU
		{EC7A703B-7C32-4BAC-8016-83D89A7DF5E1}.DebugTwo|x86.ActiveCfg = Debug|Any CPU
		{EC7A703B-7C32-4BAC-8016-83D89A7DF5E1}.DebugTwo|x86.Build.0 = Debug|Any CPU
		{EC7A703B-7C32-4BAC-8016-83D89A7DF5E1}.FullDebug|Any CPU.ActiveCfg = Debug|Any CPU
		{EC7A703B-7C32-4BAC-8016-83D89A7DF5E1}.FullDebug|Any CPU.Build.0 = Debug|Any CPU
		{EC7A703B-7C32-4BAC-8016-83D89A7DF5E1}.FullDebug|x86.ActiveCfg = Debug|Any CPU
		{EC7A703B-7C32-4BAC-8016-83D89A7DF5E1}.FullDebug|x86.Build.0 = Debug|Any CPU
		{EC7A703B-7C32-4BAC-8016-83D89A7DF5E1}.Release|Any CPU.ActiveCfg = Release|Any CPU
		{EC7A703B-7C32-4BAC-8016-83D89A7DF5E1}.Release|Any CPU.Build.0 = Release|Any CPU
		{EC7A703B-7C32-4BAC-8016-83D89A7DF5E1}.Release|x86.ActiveCfg = Release|Any CPU
		{EC7A703B-7C32-4BAC-8016-83D89A7DF5E1}.Release|x86.Build.0 = Release|Any CPU
		{CE9452FA-D90F-48B5-B77E-8541D73FEABA}.Debug|Any CPU.ActiveCfg = Debug|Any CPU
		{CE9452FA-D90F-48B5-B77E-8541D73FEABA}.Debug|x86.ActiveCfg = Debug|Any CPU
		{CE9452FA-D90F-48B5-B77E-8541D73FEABA}.Debug|x86.Build.0 = Debug|Any CPU
		{CE9452FA-D90F-48B5-B77E-8541D73FEABA}.DebugIncludeUnitTest|Any CPU.ActiveCfg = Debug|Any CPU
		{CE9452FA-D90F-48B5-B77E-8541D73FEABA}.DebugIncludeUnitTest|Any CPU.Build.0 = Debug|Any CPU
		{CE9452FA-D90F-48B5-B77E-8541D73FEABA}.DebugIncludeUnitTest|x86.ActiveCfg = Debug|Any CPU
		{CE9452FA-D90F-48B5-B77E-8541D73FEABA}.DebugIncludeUnitTest|x86.Build.0 = Debug|Any CPU
		{CE9452FA-D90F-48B5-B77E-8541D73FEABA}.DebugTwo|Any CPU.ActiveCfg = Debug|Any CPU
		{CE9452FA-D90F-48B5-B77E-8541D73FEABA}.DebugTwo|x86.ActiveCfg = Debug|Any CPU
		{CE9452FA-D90F-48B5-B77E-8541D73FEABA}.DebugTwo|x86.Build.0 = Debug|Any CPU
		{CE9452FA-D90F-48B5-B77E-8541D73FEABA}.FullDebug|Any CPU.ActiveCfg = Debug|Any CPU
		{CE9452FA-D90F-48B5-B77E-8541D73FEABA}.FullDebug|Any CPU.Build.0 = Debug|Any CPU
		{CE9452FA-D90F-48B5-B77E-8541D73FEABA}.FullDebug|x86.ActiveCfg = Debug|Any CPU
		{CE9452FA-D90F-48B5-B77E-8541D73FEABA}.FullDebug|x86.Build.0 = Debug|Any CPU
		{CE9452FA-D90F-48B5-B77E-8541D73FEABA}.Release|Any CPU.ActiveCfg = Release|Any CPU
		{CE9452FA-D90F-48B5-B77E-8541D73FEABA}.Release|Any CPU.Build.0 = Release|Any CPU
		{CE9452FA-D90F-48B5-B77E-8541D73FEABA}.Release|x86.ActiveCfg = Release|Any CPU
		{CE9452FA-D90F-48B5-B77E-8541D73FEABA}.Release|x86.Build.0 = Release|Any CPU
		{2EEFBB1E-F19D-4135-B6F5-BD1ACECF1C7B}.Debug|Any CPU.ActiveCfg = Debug|Any CPU
		{2EEFBB1E-F19D-4135-B6F5-BD1ACECF1C7B}.Debug|x86.ActiveCfg = Debug|Any CPU
		{2EEFBB1E-F19D-4135-B6F5-BD1ACECF1C7B}.Debug|x86.Build.0 = Debug|Any CPU
		{2EEFBB1E-F19D-4135-B6F5-BD1ACECF1C7B}.DebugIncludeUnitTest|Any CPU.ActiveCfg = Debug|Any CPU
		{2EEFBB1E-F19D-4135-B6F5-BD1ACECF1C7B}.DebugIncludeUnitTest|Any CPU.Build.0 = Debug|Any CPU
		{2EEFBB1E-F19D-4135-B6F5-BD1ACECF1C7B}.DebugIncludeUnitTest|x86.ActiveCfg = Debug|Any CPU
		{2EEFBB1E-F19D-4135-B6F5-BD1ACECF1C7B}.DebugIncludeUnitTest|x86.Build.0 = Debug|Any CPU
		{2EEFBB1E-F19D-4135-B6F5-BD1ACECF1C7B}.DebugTwo|Any CPU.ActiveCfg = Debug|Any CPU
		{2EEFBB1E-F19D-4135-B6F5-BD1ACECF1C7B}.DebugTwo|Any CPU.Build.0 = Debug|Any CPU
		{2EEFBB1E-F19D-4135-B6F5-BD1ACECF1C7B}.DebugTwo|x86.ActiveCfg = Debug|Any CPU
		{2EEFBB1E-F19D-4135-B6F5-BD1ACECF1C7B}.DebugTwo|x86.Build.0 = Debug|Any CPU
		{2EEFBB1E-F19D-4135-B6F5-BD1ACECF1C7B}.FullDebug|Any CPU.ActiveCfg = Debug|Any CPU
		{2EEFBB1E-F19D-4135-B6F5-BD1ACECF1C7B}.FullDebug|Any CPU.Build.0 = Debug|Any CPU
		{2EEFBB1E-F19D-4135-B6F5-BD1ACECF1C7B}.FullDebug|x86.ActiveCfg = Debug|Any CPU
		{2EEFBB1E-F19D-4135-B6F5-BD1ACECF1C7B}.FullDebug|x86.Build.0 = Debug|Any CPU
		{2EEFBB1E-F19D-4135-B6F5-BD1ACECF1C7B}.Release|Any CPU.ActiveCfg = Release|Any CPU
		{2EEFBB1E-F19D-4135-B6F5-BD1ACECF1C7B}.Release|Any CPU.Build.0 = Release|Any CPU
		{2EEFBB1E-F19D-4135-B6F5-BD1ACECF1C7B}.Release|x86.ActiveCfg = Release|Any CPU
		{2EEFBB1E-F19D-4135-B6F5-BD1ACECF1C7B}.Release|x86.Build.0 = Release|Any CPU
		{E4815159-1FB7-40A3-8DC0-7BC6FAA8396D}.Debug|Any CPU.ActiveCfg = Debug|Any CPU
		{E4815159-1FB7-40A3-8DC0-7BC6FAA8396D}.Debug|x86.ActiveCfg = Debug|Any CPU
		{E4815159-1FB7-40A3-8DC0-7BC6FAA8396D}.Debug|x86.Build.0 = Debug|Any CPU
		{E4815159-1FB7-40A3-8DC0-7BC6FAA8396D}.DebugIncludeUnitTest|Any CPU.ActiveCfg = Debug|Any CPU
		{E4815159-1FB7-40A3-8DC0-7BC6FAA8396D}.DebugIncludeUnitTest|Any CPU.Build.0 = Debug|Any CPU
		{E4815159-1FB7-40A3-8DC0-7BC6FAA8396D}.DebugIncludeUnitTest|x86.ActiveCfg = Debug|Any CPU
		{E4815159-1FB7-40A3-8DC0-7BC6FAA8396D}.DebugIncludeUnitTest|x86.Build.0 = Debug|Any CPU
		{E4815159-1FB7-40A3-8DC0-7BC6FAA8396D}.DebugTwo|Any CPU.ActiveCfg = Debug|Any CPU
		{E4815159-1FB7-40A3-8DC0-7BC6FAA8396D}.DebugTwo|x86.ActiveCfg = Debug|Any CPU
		{E4815159-1FB7-40A3-8DC0-7BC6FAA8396D}.DebugTwo|x86.Build.0 = Debug|Any CPU
		{E4815159-1FB7-40A3-8DC0-7BC6FAA8396D}.FullDebug|Any CPU.ActiveCfg = Debug|Any CPU
		{E4815159-1FB7-40A3-8DC0-7BC6FAA8396D}.FullDebug|Any CPU.Build.0 = Debug|Any CPU
		{E4815159-1FB7-40A3-8DC0-7BC6FAA8396D}.FullDebug|x86.ActiveCfg = Debug|Any CPU
		{E4815159-1FB7-40A3-8DC0-7BC6FAA8396D}.FullDebug|x86.Build.0 = Debug|Any CPU
		{E4815159-1FB7-40A3-8DC0-7BC6FAA8396D}.Release|Any CPU.ActiveCfg = Release|Any CPU
		{E4815159-1FB7-40A3-8DC0-7BC6FAA8396D}.Release|Any CPU.Build.0 = Release|Any CPU
		{E4815159-1FB7-40A3-8DC0-7BC6FAA8396D}.Release|x86.ActiveCfg = Release|Any CPU
		{E4815159-1FB7-40A3-8DC0-7BC6FAA8396D}.Release|x86.Build.0 = Release|Any CPU
		{3DB00537-9322-46DE-87EA-E7D920482131}.Debug|Any CPU.ActiveCfg = Debug|Any CPU
		{3DB00537-9322-46DE-87EA-E7D920482131}.Debug|Any CPU.Build.0 = Debug|Any CPU
		{3DB00537-9322-46DE-87EA-E7D920482131}.Debug|x86.ActiveCfg = Debug|Any CPU
		{3DB00537-9322-46DE-87EA-E7D920482131}.Debug|x86.Build.0 = Debug|Any CPU
		{3DB00537-9322-46DE-87EA-E7D920482131}.DebugIncludeUnitTest|Any CPU.ActiveCfg = Debug|Any CPU
		{3DB00537-9322-46DE-87EA-E7D920482131}.DebugIncludeUnitTest|Any CPU.Build.0 = Debug|Any CPU
		{3DB00537-9322-46DE-87EA-E7D920482131}.DebugIncludeUnitTest|x86.ActiveCfg = Debug|Any CPU
		{3DB00537-9322-46DE-87EA-E7D920482131}.DebugIncludeUnitTest|x86.Build.0 = Debug|Any CPU
		{3DB00537-9322-46DE-87EA-E7D920482131}.DebugTwo|Any CPU.ActiveCfg = Debug|Any CPU
		{3DB00537-9322-46DE-87EA-E7D920482131}.DebugTwo|Any CPU.Build.0 = Debug|Any CPU
		{3DB00537-9322-46DE-87EA-E7D920482131}.DebugTwo|x86.ActiveCfg = Debug|Any CPU
		{3DB00537-9322-46DE-87EA-E7D920482131}.DebugTwo|x86.Build.0 = Debug|Any CPU
		{3DB00537-9322-46DE-87EA-E7D920482131}.FullDebug|Any CPU.ActiveCfg = Debug|Any CPU
		{3DB00537-9322-46DE-87EA-E7D920482131}.FullDebug|Any CPU.Build.0 = Debug|Any CPU
		{3DB00537-9322-46DE-87EA-E7D920482131}.FullDebug|x86.ActiveCfg = Debug|Any CPU
		{3DB00537-9322-46DE-87EA-E7D920482131}.FullDebug|x86.Build.0 = Debug|Any CPU
		{3DB00537-9322-46DE-87EA-E7D920482131}.Release|Any CPU.ActiveCfg = Release|Any CPU
		{3DB00537-9322-46DE-87EA-E7D920482131}.Release|Any CPU.Build.0 = Release|Any CPU
		{3DB00537-9322-46DE-87EA-E7D920482131}.Release|x86.ActiveCfg = Release|Any CPU
		{3DB00537-9322-46DE-87EA-E7D920482131}.Release|x86.Build.0 = Release|Any CPU
		{3573D42F-DFA0-48FE-ACBD-305B9922B24C}.Debug|Any CPU.ActiveCfg = Debug|Any CPU
		{3573D42F-DFA0-48FE-ACBD-305B9922B24C}.Debug|x86.ActiveCfg = Debug|Any CPU
		{3573D42F-DFA0-48FE-ACBD-305B9922B24C}.Debug|x86.Build.0 = Debug|Any CPU
		{3573D42F-DFA0-48FE-ACBD-305B9922B24C}.DebugIncludeUnitTest|Any CPU.ActiveCfg = Debug|Any CPU
		{3573D42F-DFA0-48FE-ACBD-305B9922B24C}.DebugIncludeUnitTest|Any CPU.Build.0 = Debug|Any CPU
		{3573D42F-DFA0-48FE-ACBD-305B9922B24C}.DebugIncludeUnitTest|x86.ActiveCfg = Debug|Any CPU
		{3573D42F-DFA0-48FE-ACBD-305B9922B24C}.DebugIncludeUnitTest|x86.Build.0 = Debug|Any CPU
		{3573D42F-DFA0-48FE-ACBD-305B9922B24C}.DebugTwo|Any CPU.ActiveCfg = Debug|Any CPU
		{3573D42F-DFA0-48FE-ACBD-305B9922B24C}.DebugTwo|Any CPU.Build.0 = Debug|Any CPU
		{3573D42F-DFA0-48FE-ACBD-305B9922B24C}.DebugTwo|x86.ActiveCfg = Debug|Any CPU
		{3573D42F-DFA0-48FE-ACBD-305B9922B24C}.DebugTwo|x86.Build.0 = Debug|Any CPU
		{3573D42F-DFA0-48FE-ACBD-305B9922B24C}.FullDebug|Any CPU.ActiveCfg = Debug|Any CPU
		{3573D42F-DFA0-48FE-ACBD-305B9922B24C}.FullDebug|Any CPU.Build.0 = Debug|Any CPU
		{3573D42F-DFA0-48FE-ACBD-305B9922B24C}.FullDebug|x86.ActiveCfg = Debug|Any CPU
		{3573D42F-DFA0-48FE-ACBD-305B9922B24C}.FullDebug|x86.Build.0 = Debug|Any CPU
		{3573D42F-DFA0-48FE-ACBD-305B9922B24C}.Release|Any CPU.ActiveCfg = Release|Any CPU
		{3573D42F-DFA0-48FE-ACBD-305B9922B24C}.Release|Any CPU.Build.0 = Release|Any CPU
		{3573D42F-DFA0-48FE-ACBD-305B9922B24C}.Release|x86.ActiveCfg = Release|Any CPU
		{3573D42F-DFA0-48FE-ACBD-305B9922B24C}.Release|x86.Build.0 = Release|Any CPU
		{F4C62E20-024A-402C-A771-81FEEC710ADA}.Debug|Any CPU.ActiveCfg = Debug|Any CPU
		{F4C62E20-024A-402C-A771-81FEEC710ADA}.Debug|x86.ActiveCfg = Debug|Any CPU
		{F4C62E20-024A-402C-A771-81FEEC710ADA}.Debug|x86.Build.0 = Debug|Any CPU
		{F4C62E20-024A-402C-A771-81FEEC710ADA}.DebugIncludeUnitTest|Any CPU.ActiveCfg = Debug|Any CPU
		{F4C62E20-024A-402C-A771-81FEEC710ADA}.DebugIncludeUnitTest|Any CPU.Build.0 = Debug|Any CPU
		{F4C62E20-024A-402C-A771-81FEEC710ADA}.DebugIncludeUnitTest|x86.ActiveCfg = Debug|Any CPU
		{F4C62E20-024A-402C-A771-81FEEC710ADA}.DebugIncludeUnitTest|x86.Build.0 = Debug|Any CPU
		{F4C62E20-024A-402C-A771-81FEEC710ADA}.DebugTwo|Any CPU.ActiveCfg = Debug|Any CPU
		{F4C62E20-024A-402C-A771-81FEEC710ADA}.DebugTwo|x86.ActiveCfg = Debug|Any CPU
		{F4C62E20-024A-402C-A771-81FEEC710ADA}.DebugTwo|x86.Build.0 = Debug|Any CPU
		{F4C62E20-024A-402C-A771-81FEEC710ADA}.FullDebug|Any CPU.ActiveCfg = Debug|Any CPU
		{F4C62E20-024A-402C-A771-81FEEC710ADA}.FullDebug|Any CPU.Build.0 = Debug|Any CPU
		{F4C62E20-024A-402C-A771-81FEEC710ADA}.FullDebug|x86.ActiveCfg = Debug|Any CPU
		{F4C62E20-024A-402C-A771-81FEEC710ADA}.FullDebug|x86.Build.0 = Debug|Any CPU
		{F4C62E20-024A-402C-A771-81FEEC710ADA}.Release|Any CPU.ActiveCfg = Release|Any CPU
		{F4C62E20-024A-402C-A771-81FEEC710ADA}.Release|Any CPU.Build.0 = Release|Any CPU
		{F4C62E20-024A-402C-A771-81FEEC710ADA}.Release|x86.ActiveCfg = Release|Any CPU
		{F4C62E20-024A-402C-A771-81FEEC710ADA}.Release|x86.Build.0 = Release|Any CPU
		{00DA376B-B5BA-4FFC-B00F-8889D0411AF2}.Debug|Any CPU.ActiveCfg = Debug|Any CPU
		{00DA376B-B5BA-4FFC-B00F-8889D0411AF2}.Debug|Any CPU.Build.0 = Debug|Any CPU
		{00DA376B-B5BA-4FFC-B00F-8889D0411AF2}.Debug|x86.ActiveCfg = Debug|x86
		{00DA376B-B5BA-4FFC-B00F-8889D0411AF2}.Debug|x86.Build.0 = Debug|x86
		{00DA376B-B5BA-4FFC-B00F-8889D0411AF2}.DebugIncludeUnitTest|Any CPU.ActiveCfg = Debug|Any CPU
		{00DA376B-B5BA-4FFC-B00F-8889D0411AF2}.DebugIncludeUnitTest|Any CPU.Build.0 = Debug|Any CPU
		{00DA376B-B5BA-4FFC-B00F-8889D0411AF2}.DebugIncludeUnitTest|x86.ActiveCfg = Debug|x86
		{00DA376B-B5BA-4FFC-B00F-8889D0411AF2}.DebugIncludeUnitTest|x86.Build.0 = Debug|x86
		{00DA376B-B5BA-4FFC-B00F-8889D0411AF2}.DebugTwo|Any CPU.ActiveCfg = Debug|Any CPU
		{00DA376B-B5BA-4FFC-B00F-8889D0411AF2}.DebugTwo|Any CPU.Build.0 = Debug|Any CPU
		{00DA376B-B5BA-4FFC-B00F-8889D0411AF2}.DebugTwo|x86.ActiveCfg = Debug|x86
		{00DA376B-B5BA-4FFC-B00F-8889D0411AF2}.DebugTwo|x86.Build.0 = Debug|x86
		{00DA376B-B5BA-4FFC-B00F-8889D0411AF2}.FullDebug|Any CPU.ActiveCfg = Debug|Any CPU
		{00DA376B-B5BA-4FFC-B00F-8889D0411AF2}.FullDebug|Any CPU.Build.0 = Debug|Any CPU
		{00DA376B-B5BA-4FFC-B00F-8889D0411AF2}.FullDebug|x86.ActiveCfg = Debug|x86
		{00DA376B-B5BA-4FFC-B00F-8889D0411AF2}.FullDebug|x86.Build.0 = Debug|x86
		{00DA376B-B5BA-4FFC-B00F-8889D0411AF2}.Release|Any CPU.ActiveCfg = Release|Any CPU
		{00DA376B-B5BA-4FFC-B00F-8889D0411AF2}.Release|Any CPU.Build.0 = Release|Any CPU
		{00DA376B-B5BA-4FFC-B00F-8889D0411AF2}.Release|x86.ActiveCfg = Release|x86
		{00DA376B-B5BA-4FFC-B00F-8889D0411AF2}.Release|x86.Build.0 = Release|x86
		{AC6C6ED0-AD44-4CD3-AF32-A3A5FBEA6EAF}.Debug|Any CPU.ActiveCfg = Debug|Any CPU
		{AC6C6ED0-AD44-4CD3-AF32-A3A5FBEA6EAF}.Debug|Any CPU.Build.0 = Debug|Any CPU
		{AC6C6ED0-AD44-4CD3-AF32-A3A5FBEA6EAF}.Debug|x86.ActiveCfg = Debug|Any CPU
		{AC6C6ED0-AD44-4CD3-AF32-A3A5FBEA6EAF}.Debug|x86.Build.0 = Debug|Any CPU
		{AC6C6ED0-AD44-4CD3-AF32-A3A5FBEA6EAF}.DebugIncludeUnitTest|Any CPU.ActiveCfg = Debug|Any CPU
		{AC6C6ED0-AD44-4CD3-AF32-A3A5FBEA6EAF}.DebugIncludeUnitTest|Any CPU.Build.0 = Debug|Any CPU
		{AC6C6ED0-AD44-4CD3-AF32-A3A5FBEA6EAF}.DebugIncludeUnitTest|x86.ActiveCfg = Debug|Any CPU
		{AC6C6ED0-AD44-4CD3-AF32-A3A5FBEA6EAF}.DebugIncludeUnitTest|x86.Build.0 = Debug|Any CPU
		{AC6C6ED0-AD44-4CD3-AF32-A3A5FBEA6EAF}.DebugTwo|Any CPU.ActiveCfg = Debug|Any CPU
		{AC6C6ED0-AD44-4CD3-AF32-A3A5FBEA6EAF}.DebugTwo|Any CPU.Build.0 = Debug|Any CPU
		{AC6C6ED0-AD44-4CD3-AF32-A3A5FBEA6EAF}.DebugTwo|x86.ActiveCfg = Debug|Any CPU
		{AC6C6ED0-AD44-4CD3-AF32-A3A5FBEA6EAF}.DebugTwo|x86.Build.0 = Debug|Any CPU
		{AC6C6ED0-AD44-4CD3-AF32-A3A5FBEA6EAF}.FullDebug|Any CPU.ActiveCfg = Debug|Any CPU
		{AC6C6ED0-AD44-4CD3-AF32-A3A5FBEA6EAF}.FullDebug|Any CPU.Build.0 = Debug|Any CPU
		{AC6C6ED0-AD44-4CD3-AF32-A3A5FBEA6EAF}.FullDebug|x86.ActiveCfg = Debug|Any CPU
		{AC6C6ED0-AD44-4CD3-AF32-A3A5FBEA6EAF}.FullDebug|x86.Build.0 = Debug|Any CPU
		{AC6C6ED0-AD44-4CD3-AF32-A3A5FBEA6EAF}.Release|Any CPU.ActiveCfg = Release|Any CPU
		{AC6C6ED0-AD44-4CD3-AF32-A3A5FBEA6EAF}.Release|Any CPU.Build.0 = Release|Any CPU
		{AC6C6ED0-AD44-4CD3-AF32-A3A5FBEA6EAF}.Release|x86.ActiveCfg = Release|Any CPU
		{AC6C6ED0-AD44-4CD3-AF32-A3A5FBEA6EAF}.Release|x86.Build.0 = Release|Any CPU
	EndGlobalSection
	GlobalSection(SolutionProperties) = preSolution
		HideSolutionNode = FALSE
	EndGlobalSection
	GlobalSection(NestedProjects) = preSolution
		{9C7F2AF9-7A5A-4E3A-8554-609258710959} = {52E31346-6CF7-4C3C-90F3-E259CF5AC6F7}
		{21150CF0-96D1-45EB-B6B0-71A4BFEB9412} = {514B57BD-2559-4C9F-9184-07E0F620B614}
		{27799267-2C3B-4C32-9511-1EDEEC495688} = {52E31346-6CF7-4C3C-90F3-E259CF5AC6F7}
		{E644BE94-263B-4F65-A8E9-FB0C2CE8199D} = {52E31346-6CF7-4C3C-90F3-E259CF5AC6F7}
		{164C3441-76E3-4920-AFF6-ADEC0E26DCDB} = {B89C4F82-4EE4-46B3-8ADC-575148480053}
		{68511CA9-E527-43D2-AF57-2838CF389040} = {514B57BD-2559-4C9F-9184-07E0F620B614}
		{41ADBD6E-6E36-4D02-982B-3EB52C331313} = {4F3A4B41-FF98-4133-B1B9-9A5C397F1C1A}
		{4AC4987E-D629-4FAF-B954-701F86FA74B9} = {0A5A42B1-8546-48C5-BE3D-005AC07BD104}
		{EC7A703B-7C32-4BAC-8016-83D89A7DF5E1} = {514B57BD-2559-4C9F-9184-07E0F620B614}
		{CE9452FA-D90F-48B5-B77E-8541D73FEABA} = {514B57BD-2559-4C9F-9184-07E0F620B614}
		{0A5A42B1-8546-48C5-BE3D-005AC07BD104} = {8F73A0DF-D87C-4390-9FED-EC5A49AA1AB7}
		{789EFB6B-297B-4642-A1BC-CA065E56898A} = {8F73A0DF-D87C-4390-9FED-EC5A49AA1AB7}
		{514B57BD-2559-4C9F-9184-07E0F620B614} = {8F73A0DF-D87C-4390-9FED-EC5A49AA1AB7}
		{52E31346-6CF7-4C3C-90F3-E259CF5AC6F7} = {87546E0C-DA36-43C9-A64D-5E950980CDCF}
		{B89C4F82-4EE4-46B3-8ADC-575148480053} = {87546E0C-DA36-43C9-A64D-5E950980CDCF}
		{2EEFBB1E-F19D-4135-B6F5-BD1ACECF1C7B} = {B89C4F82-4EE4-46B3-8ADC-575148480053}
		{E4815159-1FB7-40A3-8DC0-7BC6FAA8396D} = {B89C4F82-4EE4-46B3-8ADC-575148480053}
		{3DB00537-9322-46DE-87EA-E7D920482131} = {B89C4F82-4EE4-46B3-8ADC-575148480053}
		{3573D42F-DFA0-48FE-ACBD-305B9922B24C} = {52E31346-6CF7-4C3C-90F3-E259CF5AC6F7}
		{F4C62E20-024A-402C-A771-81FEEC710ADA} = {B89C4F82-4EE4-46B3-8ADC-575148480053}
		{00DA376B-B5BA-4FFC-B00F-8889D0411AF2} = {789EFB6B-297B-4642-A1BC-CA065E56898A}
		{AC6C6ED0-AD44-4CD3-AF32-A3A5FBEA6EAF} = {789EFB6B-297B-4642-A1BC-CA065E56898A}
	EndGlobalSection
	GlobalSection(ExtensibilityGlobals) = postSolution
		SolutionGuid = {E55584AC-7B50-41D1-B7E2-3B7FF62FFD14}
	EndGlobalSection
EndGlobal
